
Microsoft Visual Studio Solution File, Format Version 12.00
# Visual Studio Version 16
VisualStudioVersion = 16.0.30114.105
MinimumVisualStudioVersion = 10.0.40219.1
Project("{FAE04EC0-301F-11D3-BF4B-00C04F79EFBC}") = "Penguin.Cms.Workers.Email.Local", "Penguin.Cms.Workers.Email.Local.csproj", "{EC498025-C7AC-4F96-8B70-EF79EDD060DD}"
EndProject
Project("{FAE04EC0-301F-11D3-BF4B-00C04F79EFBC}") = "Penguin.Cms.Workers.Local", "..\Penguin.Cms.Workers\Penguin.Cms.Workers.Local.csproj", "{2518C02C-FAAE-49B5-AC71-DC90EB193AA1}"
EndProject
Project("{FAE04EC0-301F-11D3-BF4B-00C04F79EFBC}") = "Penguin.Workers.Abstractions.Local", "..\Penguin.Workers.Abstractions\Penguin.Workers.Abstractions.Local.csproj", "{1F3BB1CC-C06E-40F9-9A26-7732560AE569}"
EndProject
Project("{FAE04EC0-301F-11D3-BF4B-00C04F79EFBC}") = "Penguin.Configuration.Local", "..\Penguin.Configuration\Penguin.Configuration.Local.csproj", "{3CFA8E0C-72BA-449B-8D16-45A87901644C}"
EndProject
Project("{FAE04EC0-301F-11D3-BF4B-00C04F79EFBC}") = "Penguin.Configuration.Abstractions.Local", "..\Penguin.Configuration.Abstractions\Penguin.Configuration.Abstractions.Local.csproj", "{2D9547C5-9795-4E28-A2FE-6433F8AF029D}"
EndProject
Project("{FAE04EC0-301F-11D3-BF4B-00C04F79EFBC}") = "Penguin.Extensions.String.Local", "..\Penguin.Extensions.String\Penguin.Extensions.String.Local.csproj", "{7EA2540B-3836-47DA-9C4F-3E1CF39B7968}"
EndProject
Project("{FAE04EC0-301F-11D3-BF4B-00C04F79EFBC}") = "Penguin.Cms.Logging.Local", "..\Penguin.Cms.Logging\Penguin.Cms.Logging.Local.csproj", "{3D472119-3767-42C1-831D-79DE7E55F677}"
EndProject
Project("{FAE04EC0-301F-11D3-BF4B-00C04F79EFBC}") = "Penguin.Cms.Errors.Local", "..\Penguin.Cms.Errors\Penguin.Cms.Errors.Local.csproj", "{745ABBB7-7CD0-4CA6-BB8E-7DBEF653DA84}"
EndProject
Project("{FAE04EC0-301F-11D3-BF4B-00C04F79EFBC}") = "Penguin.Auditing.Abstractions.Local", "..\Penguin.Auditing.Abstractions\Penguin.Auditing.Abstractions.Local.csproj", "{7CEBD866-3B0E-4900-A71B-6A4E339799F1}"
EndProject
Project("{FAE04EC0-301F-11D3-BF4B-00C04F79EFBC}") = "Penguin.Extensions.Exceptions.Local", "..\Penguin.Extensions.Exceptions\Penguin.Extensions.Exceptions.Local.csproj", "{266B9A0B-51F7-4866-8488-933DAA86FD81}"
EndProject
Project("{FAE04EC0-301F-11D3-BF4B-00C04F79EFBC}") = "Penguin.Cms.Entities.Local", "..\Penguin.Cms.Entities\Penguin.Cms.Entities.Local.csproj", "{A1179CC1-11DD-40C2-B951-589D3C7B2F05}"
EndProject
Project("{FAE04EC0-301F-11D3-BF4B-00C04F79EFBC}") = "Penguin.Persistence.Abstractions.Local", "..\Penguin.Persistence.Abstractions\Penguin.Persistence.Abstractions.Local.csproj", "{F404AF53-85B9-4753-A368-DE57B479375E}"
EndProject
Project("{FAE04EC0-301F-11D3-BF4B-00C04F79EFBC}") = "Penguin.Entities.Abstractions.Local", "..\Penguin.Entities.Abstractions\Penguin.Entities.Abstractions.Local.csproj", "{A23C9DDD-2E1D-4A82-A109-881732C48635}"
EndProject
Project("{FAE04EC0-301F-11D3-BF4B-00C04F79EFBC}") = "Penguin.Reflection.Extensions.Local", "..\Penguin.Reflection.Extensions\Penguin.Reflection.Extensions.Local.csproj", "{2CDBF231-9594-421D-B4F7-D9E8CB4BAD31}"
EndProject
Project("{FAE04EC0-301F-11D3-BF4B-00C04F79EFBC}") = "Penguin.Reflection.Abstractions.Local", "..\Penguin.Reflection.Abstractions\Penguin.Reflection.Abstractions.Local.csproj", "{338BFE23-C27C-458E-A016-9721A84B87A1}"
EndProject
Project("{FAE04EC0-301F-11D3-BF4B-00C04F79EFBC}") = "Penguin.Messaging.Logging.Local", "..\Penguin.Messaging.Logging\Penguin.Messaging.Logging.Local.csproj", "{D0702882-25B4-473F-BDC6-1CAEE7BBDCA4}"
EndProject
Project("{FAE04EC0-301F-11D3-BF4B-00C04F79EFBC}") = "Penguin.Messaging.Core.Local", "..\Penguin.Messaging.Core\Penguin.Messaging.Core.Local.csproj", "{A2BF837D-A55B-4302-B303-FC843AAA51D6}"
EndProject
Project("{FAE04EC0-301F-11D3-BF4B-00C04F79EFBC}") = "Penguin.Messaging.Abstractions.Local", "..\Penguin.Messaging.Abstractions\Penguin.Messaging.Abstractions.Local.csproj", "{1001EA5F-29C8-4F70-8AA0-55EFC166321F}"
EndProject
Project("{FAE04EC0-301F-11D3-BF4B-00C04F79EFBC}") = "Penguin.Debugging.Local", "..\Penguin.Debugging\Penguin.Debugging.Local.csproj", "{62969B38-B55F-4E63-ACC9-236934B94031}"
EndProject
Project("{FAE04EC0-301F-11D3-BF4B-00C04F79EFBC}") = "Penguin.Workers.Repositories.Local", "..\Penguin.Workers.Repositories\Penguin.Workers.Repositories.Local.csproj", "{437B71D3-B238-4021-96CC-8F21D8B1D114}"
EndProject
Project("{FAE04EC0-301F-11D3-BF4B-00C04F79EFBC}") = "Penguin.Cms.Workers.Entities.Local", "..\Penguin.Cms.Workers.Entities\Penguin.Cms.Workers.Entities.Local.csproj", "{3F29D4CC-8B03-4B39-B914-62E0B05264D3}"
EndProject
Project("{FAE04EC0-301F-11D3-BF4B-00C04F79EFBC}") = "Penguin.Cms.Repositories.Local", "..\Penguin.Cms.Repositories\Penguin.Cms.Repositories.Local.csproj", "{9FB69031-6DAF-48AA-8339-E1469CE7A1BB}"
EndProject
Project("{FAE04EC0-301F-11D3-BF4B-00C04F79EFBC}") = "Penguin.Persistence.Repositories.Local", "..\Penguin.Persistence.Repositories\Penguin.Persistence.Repositories.Local.csproj", "{C3D4C244-92E7-42CF-856D-E4CD18C1AEF7}"
EndProject
Project("{FAE04EC0-301F-11D3-BF4B-00C04F79EFBC}") = "Penguin.DependencyInjection.Abstractions.Local", "..\Penguin.DependencyInjection.Abstractions\Penguin.DependencyInjection.Abstractions.Local.csproj", "{34158F7F-928A-4F2D-8D6C-E7E514DA9405}"
EndProject
Project("{FAE04EC0-301F-11D3-BF4B-00C04F79EFBC}") = "Penguin.Messaging.Persistence.Local", "..\Penguin.Messaging.Persistence\Penguin.Messaging.Persistence.Local.csproj", "{E9C25468-D86D-4783-8F58-84973D635DAA}"
EndProject
Project("{FAE04EC0-301F-11D3-BF4B-00C04F79EFBC}") = "Penguin.Reflection.Local", "..\Penguin.Reflection\Penguin.Reflection.Local.csproj", "{57EAD26D-B81A-450A-B3EF-DBC5D274E0FB}"
EndProject
Project("{FAE04EC0-301F-11D3-BF4B-00C04F79EFBC}") = "Penguin.Cms.Email.Repositories.Local", "..\Penguin.Cms.Email.Repositories\Penguin.Cms.Email.Repositories.Local.csproj", "{81982B10-7BA5-4302-8AF0-208326F5BA86}"
EndProject
Project("{FAE04EC0-301F-11D3-BF4B-00C04F79EFBC}") = "Penguin.Cms.Email.Local", "..\Penguin.Cms.Email\Penguin.Cms.Email.Local.csproj", "{44781767-C723-432A-A7F8-F7B59AC1EB76}"
EndProject
Project("{FAE04EC0-301F-11D3-BF4B-00C04F79EFBC}") = "Penguin.Cms.Email.Abstractions.Local", "..\Penguin.Cms.Email.Abstractions\Penguin.Cms.Email.Abstractions.Local.csproj", "{A7295859-4D0C-46A4-8F06-3A6BC74B30EE}"
EndProject
Project("{FAE04EC0-301F-11D3-BF4B-00C04F79EFBC}") = "Penguin.Email.Abstractions.Local", "..\Penguin.Email.Abstractions\Penguin.Email.Abstractions.Local.csproj", "{D857F18B-6EAC-4D63-B365-AC1770FF2353}"
EndProject
Project("{FAE04EC0-301F-11D3-BF4B-00C04F79EFBC}") = "Penguin.Files.Abstractions.Local", "..\Penguin.Files.Abstractions\Penguin.Files.Abstractions.Local.csproj", "{B2895212-B65C-4BC9-A553-338856E3C617}"
EndProject
Project("{FAE04EC0-301F-11D3-BF4B-00C04F79EFBC}") = "Penguin.Email.Local", "..\Penguin.Email\Penguin.Email.Local.csproj", "{57519EA0-4A9D-4EE6-AC0D-968DC86ECC00}"
EndProject
Project("{FAE04EC0-301F-11D3-BF4B-00C04F79EFBC}") = "Penguin.Web.Data.Local", "..\Penguin.Web.Data\Penguin.Web.Data.Local.csproj", "{B9E2EB2E-EC08-4C3C-B665-54DA2669B6A3}"
EndProject
Project("{FAE04EC0-301F-11D3-BF4B-00C04F79EFBC}") = "Penguin.Cms.Abstractions.Local", "..\Penguin.Cms.Abstractions\Penguin.Cms.Abstractions.Local.csproj", "{9795421C-94F7-499C-B1DE-DC08EDD60090}"
EndProject
Project("{FAE04EC0-301F-11D3-BF4B-00C04F79EFBC}") = "Penguin.Cms.Files.Local", "..\Penguin.Cms.Files\Penguin.Cms.Files.Local.csproj", "{C6F42ACC-7066-434A-9DC2-EFC3B47DA45E}"
EndProject
Project("{FAE04EC0-301F-11D3-BF4B-00C04F79EFBC}") = "Penguin.Persistence.Database.Local", "..\Penguin.Persistence.Database\Penguin.Persistence.Database.Local.csproj", "{E854EFA7-2AD2-4822-8EF0-7F9E3E53D069}"
EndProject
Project("{FAE04EC0-301F-11D3-BF4B-00C04F79EFBC}") = "Penguin.Threading.BackgroundWorker.Local", "..\Penguin.Threading.BackgroundWorker\Penguin.Threading.BackgroundWorker.Local.csproj", "{7A8009C5-C490-4DA2-8030-F8C8575264D6}"
EndProject
Global
	GlobalSection(SolutionConfigurationPlatforms) = preSolution
		Debug|Any CPU = Debug|Any CPU
		Debug|x64 = Debug|x64
		Debug|x86 = Debug|x86
		Release|Any CPU = Release|Any CPU
		Release|x64 = Release|x64
		Release|x86 = Release|x86
	EndGlobalSection
	GlobalSection(SolutionProperties) = preSolution
		HideSolutionNode = FALSE
	EndGlobalSection
	GlobalSection(ProjectConfigurationPlatforms) = postSolution
		{EC498025-C7AC-4F96-8B70-EF79EDD060DD}.Debug|Any CPU.ActiveCfg = Debug|Any CPU
		{EC498025-C7AC-4F96-8B70-EF79EDD060DD}.Debug|Any CPU.Build.0 = Debug|Any CPU
		{EC498025-C7AC-4F96-8B70-EF79EDD060DD}.Debug|x64.ActiveCfg = Debug|Any CPU
		{EC498025-C7AC-4F96-8B70-EF79EDD060DD}.Debug|x64.Build.0 = Debug|Any CPU
		{EC498025-C7AC-4F96-8B70-EF79EDD060DD}.Debug|x86.ActiveCfg = Debug|Any CPU
		{EC498025-C7AC-4F96-8B70-EF79EDD060DD}.Debug|x86.Build.0 = Debug|Any CPU
		{EC498025-C7AC-4F96-8B70-EF79EDD060DD}.Release|Any CPU.ActiveCfg = Release|Any CPU
		{EC498025-C7AC-4F96-8B70-EF79EDD060DD}.Release|Any CPU.Build.0 = Release|Any CPU
		{EC498025-C7AC-4F96-8B70-EF79EDD060DD}.Release|x64.ActiveCfg = Release|Any CPU
		{EC498025-C7AC-4F96-8B70-EF79EDD060DD}.Release|x64.Build.0 = Release|Any CPU
		{EC498025-C7AC-4F96-8B70-EF79EDD060DD}.Release|x86.ActiveCfg = Release|Any CPU
		{EC498025-C7AC-4F96-8B70-EF79EDD060DD}.Release|x86.Build.0 = Release|Any CPU
		{2518C02C-FAAE-49B5-AC71-DC90EB193AA1}.Debug|Any CPU.ActiveCfg = Debug|Any CPU
		{2518C02C-FAAE-49B5-AC71-DC90EB193AA1}.Debug|Any CPU.Build.0 = Debug|Any CPU
		{2518C02C-FAAE-49B5-AC71-DC90EB193AA1}.Debug|x64.ActiveCfg = Debug|Any CPU
		{2518C02C-FAAE-49B5-AC71-DC90EB193AA1}.Debug|x64.Build.0 = Debug|Any CPU
		{2518C02C-FAAE-49B5-AC71-DC90EB193AA1}.Debug|x86.ActiveCfg = Debug|Any CPU
		{2518C02C-FAAE-49B5-AC71-DC90EB193AA1}.Debug|x86.Build.0 = Debug|Any CPU
		{2518C02C-FAAE-49B5-AC71-DC90EB193AA1}.Release|Any CPU.ActiveCfg = Release|Any CPU
		{2518C02C-FAAE-49B5-AC71-DC90EB193AA1}.Release|Any CPU.Build.0 = Release|Any CPU
		{2518C02C-FAAE-49B5-AC71-DC90EB193AA1}.Release|x64.ActiveCfg = Release|Any CPU
		{2518C02C-FAAE-49B5-AC71-DC90EB193AA1}.Release|x64.Build.0 = Release|Any CPU
		{2518C02C-FAAE-49B5-AC71-DC90EB193AA1}.Release|x86.ActiveCfg = Release|Any CPU
		{2518C02C-FAAE-49B5-AC71-DC90EB193AA1}.Release|x86.Build.0 = Release|Any CPU
		{1F3BB1CC-C06E-40F9-9A26-7732560AE569}.Debug|Any CPU.ActiveCfg = Debug|Any CPU
		{1F3BB1CC-C06E-40F9-9A26-7732560AE569}.Debug|Any CPU.Build.0 = Debug|Any CPU
		{1F3BB1CC-C06E-40F9-9A26-7732560AE569}.Debug|x64.ActiveCfg = Debug|Any CPU
		{1F3BB1CC-C06E-40F9-9A26-7732560AE569}.Debug|x64.Build.0 = Debug|Any CPU
		{1F3BB1CC-C06E-40F9-9A26-7732560AE569}.Debug|x86.ActiveCfg = Debug|Any CPU
		{1F3BB1CC-C06E-40F9-9A26-7732560AE569}.Debug|x86.Build.0 = Debug|Any CPU
		{1F3BB1CC-C06E-40F9-9A26-7732560AE569}.Release|Any CPU.ActiveCfg = Release|Any CPU
		{1F3BB1CC-C06E-40F9-9A26-7732560AE569}.Release|Any CPU.Build.0 = Release|Any CPU
		{1F3BB1CC-C06E-40F9-9A26-7732560AE569}.Release|x64.ActiveCfg = Release|Any CPU
		{1F3BB1CC-C06E-40F9-9A26-7732560AE569}.Release|x64.Build.0 = Release|Any CPU
		{1F3BB1CC-C06E-40F9-9A26-7732560AE569}.Release|x86.ActiveCfg = Release|Any CPU
		{1F3BB1CC-C06E-40F9-9A26-7732560AE569}.Release|x86.Build.0 = Release|Any CPU
		{3CFA8E0C-72BA-449B-8D16-45A87901644C}.Debug|Any CPU.ActiveCfg = Debug|Any CPU
		{3CFA8E0C-72BA-449B-8D16-45A87901644C}.Debug|Any CPU.Build.0 = Debug|Any CPU
		{3CFA8E0C-72BA-449B-8D16-45A87901644C}.Debug|x64.ActiveCfg = Debug|Any CPU
		{3CFA8E0C-72BA-449B-8D16-45A87901644C}.Debug|x64.Build.0 = Debug|Any CPU
		{3CFA8E0C-72BA-449B-8D16-45A87901644C}.Debug|x86.ActiveCfg = Debug|Any CPU
		{3CFA8E0C-72BA-449B-8D16-45A87901644C}.Debug|x86.Build.0 = Debug|Any CPU
		{3CFA8E0C-72BA-449B-8D16-45A87901644C}.Release|Any CPU.ActiveCfg = Release|Any CPU
		{3CFA8E0C-72BA-449B-8D16-45A87901644C}.Release|Any CPU.Build.0 = Release|Any CPU
		{3CFA8E0C-72BA-449B-8D16-45A87901644C}.Release|x64.ActiveCfg = Release|Any CPU
		{3CFA8E0C-72BA-449B-8D16-45A87901644C}.Release|x64.Build.0 = Release|Any CPU
		{3CFA8E0C-72BA-449B-8D16-45A87901644C}.Release|x86.ActiveCfg = Release|Any CPU
		{3CFA8E0C-72BA-449B-8D16-45A87901644C}.Release|x86.Build.0 = Release|Any CPU
		{2D9547C5-9795-4E28-A2FE-6433F8AF029D}.Debug|Any CPU.ActiveCfg = Debug|Any CPU
		{2D9547C5-9795-4E28-A2FE-6433F8AF029D}.Debug|Any CPU.Build.0 = Debug|Any CPU
		{2D9547C5-9795-4E28-A2FE-6433F8AF029D}.Debug|x64.ActiveCfg = Debug|Any CPU
		{2D9547C5-9795-4E28-A2FE-6433F8AF029D}.Debug|x64.Build.0 = Debug|Any CPU
		{2D9547C5-9795-4E28-A2FE-6433F8AF029D}.Debug|x86.ActiveCfg = Debug|Any CPU
		{2D9547C5-9795-4E28-A2FE-6433F8AF029D}.Debug|x86.Build.0 = Debug|Any CPU
		{2D9547C5-9795-4E28-A2FE-6433F8AF029D}.Release|Any CPU.ActiveCfg = Release|Any CPU
		{2D9547C5-9795-4E28-A2FE-6433F8AF029D}.Release|Any CPU.Build.0 = Release|Any CPU
		{2D9547C5-9795-4E28-A2FE-6433F8AF029D}.Release|x64.ActiveCfg = Release|Any CPU
		{2D9547C5-9795-4E28-A2FE-6433F8AF029D}.Release|x64.Build.0 = Release|Any CPU
		{2D9547C5-9795-4E28-A2FE-6433F8AF029D}.Release|x86.ActiveCfg = Release|Any CPU
		{2D9547C5-9795-4E28-A2FE-6433F8AF029D}.Release|x86.Build.0 = Release|Any CPU
		{7EA2540B-3836-47DA-9C4F-3E1CF39B7968}.Debug|Any CPU.ActiveCfg = Debug|Any CPU
		{7EA2540B-3836-47DA-9C4F-3E1CF39B7968}.Debug|Any CPU.Build.0 = Debug|Any CPU
		{7EA2540B-3836-47DA-9C4F-3E1CF39B7968}.Debug|x64.ActiveCfg = Debug|Any CPU
		{7EA2540B-3836-47DA-9C4F-3E1CF39B7968}.Debug|x64.Build.0 = Debug|Any CPU
		{7EA2540B-3836-47DA-9C4F-3E1CF39B7968}.Debug|x86.ActiveCfg = Debug|Any CPU
		{7EA2540B-3836-47DA-9C4F-3E1CF39B7968}.Debug|x86.Build.0 = Debug|Any CPU
		{7EA2540B-3836-47DA-9C4F-3E1CF39B7968}.Release|Any CPU.ActiveCfg = Release|Any CPU
		{7EA2540B-3836-47DA-9C4F-3E1CF39B7968}.Release|Any CPU.Build.0 = Release|Any CPU
		{7EA2540B-3836-47DA-9C4F-3E1CF39B7968}.Release|x64.ActiveCfg = Release|Any CPU
		{7EA2540B-3836-47DA-9C4F-3E1CF39B7968}.Release|x64.Build.0 = Release|Any CPU
		{7EA2540B-3836-47DA-9C4F-3E1CF39B7968}.Release|x86.ActiveCfg = Release|Any CPU
		{7EA2540B-3836-47DA-9C4F-3E1CF39B7968}.Release|x86.Build.0 = Release|Any CPU
		{3D472119-3767-42C1-831D-79DE7E55F677}.Debug|Any CPU.ActiveCfg = Debug|Any CPU
		{3D472119-3767-42C1-831D-79DE7E55F677}.Debug|Any CPU.Build.0 = Debug|Any CPU
		{3D472119-3767-42C1-831D-79DE7E55F677}.Debug|x64.ActiveCfg = Debug|Any CPU
		{3D472119-3767-42C1-831D-79DE7E55F677}.Debug|x64.Build.0 = Debug|Any CPU
		{3D472119-3767-42C1-831D-79DE7E55F677}.Debug|x86.ActiveCfg = Debug|Any CPU
		{3D472119-3767-42C1-831D-79DE7E55F677}.Debug|x86.Build.0 = Debug|Any CPU
		{3D472119-3767-42C1-831D-79DE7E55F677}.Release|Any CPU.ActiveCfg = Release|Any CPU
		{3D472119-3767-42C1-831D-79DE7E55F677}.Release|Any CPU.Build.0 = Release|Any CPU
		{3D472119-3767-42C1-831D-79DE7E55F677}.Release|x64.ActiveCfg = Release|Any CPU
		{3D472119-3767-42C1-831D-79DE7E55F677}.Release|x64.Build.0 = Release|Any CPU
		{3D472119-3767-42C1-831D-79DE7E55F677}.Release|x86.ActiveCfg = Release|Any CPU
		{3D472119-3767-42C1-831D-79DE7E55F677}.Release|x86.Build.0 = Release|Any CPU
		{745ABBB7-7CD0-4CA6-BB8E-7DBEF653DA84}.Debug|Any CPU.ActiveCfg = Debug|Any CPU
		{745ABBB7-7CD0-4CA6-BB8E-7DBEF653DA84}.Debug|Any CPU.Build.0 = Debug|Any CPU
		{745ABBB7-7CD0-4CA6-BB8E-7DBEF653DA84}.Debug|x64.ActiveCfg = Debug|Any CPU
		{745ABBB7-7CD0-4CA6-BB8E-7DBEF653DA84}.Debug|x64.Build.0 = Debug|Any CPU
		{745ABBB7-7CD0-4CA6-BB8E-7DBEF653DA84}.Debug|x86.ActiveCfg = Debug|Any CPU
		{745ABBB7-7CD0-4CA6-BB8E-7DBEF653DA84}.Debug|x86.Build.0 = Debug|Any CPU
		{745ABBB7-7CD0-4CA6-BB8E-7DBEF653DA84}.Release|Any CPU.ActiveCfg = Release|Any CPU
		{745ABBB7-7CD0-4CA6-BB8E-7DBEF653DA84}.Release|Any CPU.Build.0 = Release|Any CPU
		{745ABBB7-7CD0-4CA6-BB8E-7DBEF653DA84}.Release|x64.ActiveCfg = Release|Any CPU
		{745ABBB7-7CD0-4CA6-BB8E-7DBEF653DA84}.Release|x64.Build.0 = Release|Any CPU
		{745ABBB7-7CD0-4CA6-BB8E-7DBEF653DA84}.Release|x86.ActiveCfg = Release|Any CPU
		{745ABBB7-7CD0-4CA6-BB8E-7DBEF653DA84}.Release|x86.Build.0 = Release|Any CPU
		{7CEBD866-3B0E-4900-A71B-6A4E339799F1}.Debug|Any CPU.ActiveCfg = Debug|Any CPU
		{7CEBD866-3B0E-4900-A71B-6A4E339799F1}.Debug|Any CPU.Build.0 = Debug|Any CPU
		{7CEBD866-3B0E-4900-A71B-6A4E339799F1}.Debug|x64.ActiveCfg = Debug|Any CPU
		{7CEBD866-3B0E-4900-A71B-6A4E339799F1}.Debug|x64.Build.0 = Debug|Any CPU
		{7CEBD866-3B0E-4900-A71B-6A4E339799F1}.Debug|x86.ActiveCfg = Debug|Any CPU
		{7CEBD866-3B0E-4900-A71B-6A4E339799F1}.Debug|x86.Build.0 = Debug|Any CPU
		{7CEBD866-3B0E-4900-A71B-6A4E339799F1}.Release|Any CPU.ActiveCfg = Release|Any CPU
		{7CEBD866-3B0E-4900-A71B-6A4E339799F1}.Release|Any CPU.Build.0 = Release|Any CPU
		{7CEBD866-3B0E-4900-A71B-6A4E339799F1}.Release|x64.ActiveCfg = Release|Any CPU
		{7CEBD866-3B0E-4900-A71B-6A4E339799F1}.Release|x64.Build.0 = Release|Any CPU
		{7CEBD866-3B0E-4900-A71B-6A4E339799F1}.Release|x86.ActiveCfg = Release|Any CPU
		{7CEBD866-3B0E-4900-A71B-6A4E339799F1}.Release|x86.Build.0 = Release|Any CPU
		{266B9A0B-51F7-4866-8488-933DAA86FD81}.Debug|Any CPU.ActiveCfg = Debug|Any CPU
		{266B9A0B-51F7-4866-8488-933DAA86FD81}.Debug|Any CPU.Build.0 = Debug|Any CPU
		{266B9A0B-51F7-4866-8488-933DAA86FD81}.Debug|x64.ActiveCfg = Debug|Any CPU
		{266B9A0B-51F7-4866-8488-933DAA86FD81}.Debug|x64.Build.0 = Debug|Any CPU
		{266B9A0B-51F7-4866-8488-933DAA86FD81}.Debug|x86.ActiveCfg = Debug|Any CPU
		{266B9A0B-51F7-4866-8488-933DAA86FD81}.Debug|x86.Build.0 = Debug|Any CPU
		{266B9A0B-51F7-4866-8488-933DAA86FD81}.Release|Any CPU.ActiveCfg = Release|Any CPU
		{266B9A0B-51F7-4866-8488-933DAA86FD81}.Release|Any CPU.Build.0 = Release|Any CPU
		{266B9A0B-51F7-4866-8488-933DAA86FD81}.Release|x64.ActiveCfg = Release|Any CPU
		{266B9A0B-51F7-4866-8488-933DAA86FD81}.Release|x64.Build.0 = Release|Any CPU
		{266B9A0B-51F7-4866-8488-933DAA86FD81}.Release|x86.ActiveCfg = Release|Any CPU
		{266B9A0B-51F7-4866-8488-933DAA86FD81}.Release|x86.Build.0 = Release|Any CPU
		{A1179CC1-11DD-40C2-B951-589D3C7B2F05}.Debug|Any CPU.ActiveCfg = Debug|Any CPU
		{A1179CC1-11DD-40C2-B951-589D3C7B2F05}.Debug|Any CPU.Build.0 = Debug|Any CPU
		{A1179CC1-11DD-40C2-B951-589D3C7B2F05}.Debug|x64.ActiveCfg = Debug|Any CPU
		{A1179CC1-11DD-40C2-B951-589D3C7B2F05}.Debug|x64.Build.0 = Debug|Any CPU
		{A1179CC1-11DD-40C2-B951-589D3C7B2F05}.Debug|x86.ActiveCfg = Debug|Any CPU
		{A1179CC1-11DD-40C2-B951-589D3C7B2F05}.Debug|x86.Build.0 = Debug|Any CPU
		{A1179CC1-11DD-40C2-B951-589D3C7B2F05}.Release|Any CPU.ActiveCfg = Release|Any CPU
		{A1179CC1-11DD-40C2-B951-589D3C7B2F05}.Release|Any CPU.Build.0 = Release|Any CPU
		{A1179CC1-11DD-40C2-B951-589D3C7B2F05}.Release|x64.ActiveCfg = Release|Any CPU
		{A1179CC1-11DD-40C2-B951-589D3C7B2F05}.Release|x64.Build.0 = Release|Any CPU
		{A1179CC1-11DD-40C2-B951-589D3C7B2F05}.Release|x86.ActiveCfg = Release|Any CPU
		{A1179CC1-11DD-40C2-B951-589D3C7B2F05}.Release|x86.Build.0 = Release|Any CPU
		{F404AF53-85B9-4753-A368-DE57B479375E}.Debug|Any CPU.ActiveCfg = Debug|Any CPU
		{F404AF53-85B9-4753-A368-DE57B479375E}.Debug|Any CPU.Build.0 = Debug|Any CPU
		{F404AF53-85B9-4753-A368-DE57B479375E}.Debug|x64.ActiveCfg = Debug|Any CPU
		{F404AF53-85B9-4753-A368-DE57B479375E}.Debug|x64.Build.0 = Debug|Any CPU
		{F404AF53-85B9-4753-A368-DE57B479375E}.Debug|x86.ActiveCfg = Debug|Any CPU
		{F404AF53-85B9-4753-A368-DE57B479375E}.Debug|x86.Build.0 = Debug|Any CPU
		{F404AF53-85B9-4753-A368-DE57B479375E}.Release|Any CPU.ActiveCfg = Release|Any CPU
		{F404AF53-85B9-4753-A368-DE57B479375E}.Release|Any CPU.Build.0 = Release|Any CPU
		{F404AF53-85B9-4753-A368-DE57B479375E}.Release|x64.ActiveCfg = Release|Any CPU
		{F404AF53-85B9-4753-A368-DE57B479375E}.Release|x64.Build.0 = Release|Any CPU
		{F404AF53-85B9-4753-A368-DE57B479375E}.Release|x86.ActiveCfg = Release|Any CPU
		{F404AF53-85B9-4753-A368-DE57B479375E}.Release|x86.Build.0 = Release|Any CPU
		{A23C9DDD-2E1D-4A82-A109-881732C48635}.Debug|Any CPU.ActiveCfg = Debug|Any CPU
		{A23C9DDD-2E1D-4A82-A109-881732C48635}.Debug|Any CPU.Build.0 = Debug|Any CPU
		{A23C9DDD-2E1D-4A82-A109-881732C48635}.Debug|x64.ActiveCfg = Debug|Any CPU
		{A23C9DDD-2E1D-4A82-A109-881732C48635}.Debug|x64.Build.0 = Debug|Any CPU
		{A23C9DDD-2E1D-4A82-A109-881732C48635}.Debug|x86.ActiveCfg = Debug|Any CPU
		{A23C9DDD-2E1D-4A82-A109-881732C48635}.Debug|x86.Build.0 = Debug|Any CPU
		{A23C9DDD-2E1D-4A82-A109-881732C48635}.Release|Any CPU.ActiveCfg = Release|Any CPU
		{A23C9DDD-2E1D-4A82-A109-881732C48635}.Release|Any CPU.Build.0 = Release|Any CPU
		{A23C9DDD-2E1D-4A82-A109-881732C48635}.Release|x64.ActiveCfg = Release|Any CPU
		{A23C9DDD-2E1D-4A82-A109-881732C48635}.Release|x64.Build.0 = Release|Any CPU
		{A23C9DDD-2E1D-4A82-A109-881732C48635}.Release|x86.ActiveCfg = Release|Any CPU
		{A23C9DDD-2E1D-4A82-A109-881732C48635}.Release|x86.Build.0 = Release|Any CPU
		{2CDBF231-9594-421D-B4F7-D9E8CB4BAD31}.Debug|Any CPU.ActiveCfg = Debug|Any CPU
		{2CDBF231-9594-421D-B4F7-D9E8CB4BAD31}.Debug|Any CPU.Build.0 = Debug|Any CPU
		{2CDBF231-9594-421D-B4F7-D9E8CB4BAD31}.Debug|x64.ActiveCfg = Debug|Any CPU
		{2CDBF231-9594-421D-B4F7-D9E8CB4BAD31}.Debug|x64.Build.0 = Debug|Any CPU
		{2CDBF231-9594-421D-B4F7-D9E8CB4BAD31}.Debug|x86.ActiveCfg = Debug|Any CPU
		{2CDBF231-9594-421D-B4F7-D9E8CB4BAD31}.Debug|x86.Build.0 = Debug|Any CPU
		{2CDBF231-9594-421D-B4F7-D9E8CB4BAD31}.Release|Any CPU.ActiveCfg = Release|Any CPU
		{2CDBF231-9594-421D-B4F7-D9E8CB4BAD31}.Release|Any CPU.Build.0 = Release|Any CPU
		{2CDBF231-9594-421D-B4F7-D9E8CB4BAD31}.Release|x64.ActiveCfg = Release|Any CPU
		{2CDBF231-9594-421D-B4F7-D9E8CB4BAD31}.Release|x64.Build.0 = Release|Any CPU
		{2CDBF231-9594-421D-B4F7-D9E8CB4BAD31}.Release|x86.ActiveCfg = Release|Any CPU
		{2CDBF231-9594-421D-B4F7-D9E8CB4BAD31}.Release|x86.Build.0 = Release|Any CPU
		{338BFE23-C27C-458E-A016-9721A84B87A1}.Debug|Any CPU.ActiveCfg = Debug|Any CPU
		{338BFE23-C27C-458E-A016-9721A84B87A1}.Debug|Any CPU.Build.0 = Debug|Any CPU
		{338BFE23-C27C-458E-A016-9721A84B87A1}.Debug|x64.ActiveCfg = Debug|Any CPU
		{338BFE23-C27C-458E-A016-9721A84B87A1}.Debug|x64.Build.0 = Debug|Any CPU
		{338BFE23-C27C-458E-A016-9721A84B87A1}.Debug|x86.ActiveCfg = Debug|Any CPU
		{338BFE23-C27C-458E-A016-9721A84B87A1}.Debug|x86.Build.0 = Debug|Any CPU
		{338BFE23-C27C-458E-A016-9721A84B87A1}.Release|Any CPU.ActiveCfg = Release|Any CPU
		{338BFE23-C27C-458E-A016-9721A84B87A1}.Release|Any CPU.Build.0 = Release|Any CPU
		{338BFE23-C27C-458E-A016-9721A84B87A1}.Release|x64.ActiveCfg = Release|Any CPU
		{338BFE23-C27C-458E-A016-9721A84B87A1}.Release|x64.Build.0 = Release|Any CPU
		{338BFE23-C27C-458E-A016-9721A84B87A1}.Release|x86.ActiveCfg = Release|Any CPU
		{338BFE23-C27C-458E-A016-9721A84B87A1}.Release|x86.Build.0 = Release|Any CPU
		{D0702882-25B4-473F-BDC6-1CAEE7BBDCA4}.Debug|Any CPU.ActiveCfg = Debug|Any CPU
		{D0702882-25B4-473F-BDC6-1CAEE7BBDCA4}.Debug|Any CPU.Build.0 = Debug|Any CPU
		{D0702882-25B4-473F-BDC6-1CAEE7BBDCA4}.Debug|x64.ActiveCfg = Debug|Any CPU
		{D0702882-25B4-473F-BDC6-1CAEE7BBDCA4}.Debug|x64.Build.0 = Debug|Any CPU
		{D0702882-25B4-473F-BDC6-1CAEE7BBDCA4}.Debug|x86.ActiveCfg = Debug|Any CPU
		{D0702882-25B4-473F-BDC6-1CAEE7BBDCA4}.Debug|x86.Build.0 = Debug|Any CPU
		{D0702882-25B4-473F-BDC6-1CAEE7BBDCA4}.Release|Any CPU.ActiveCfg = Release|Any CPU
		{D0702882-25B4-473F-BDC6-1CAEE7BBDCA4}.Release|Any CPU.Build.0 = Release|Any CPU
		{D0702882-25B4-473F-BDC6-1CAEE7BBDCA4}.Release|x64.ActiveCfg = Release|Any CPU
		{D0702882-25B4-473F-BDC6-1CAEE7BBDCA4}.Release|x64.Build.0 = Release|Any CPU
		{D0702882-25B4-473F-BDC6-1CAEE7BBDCA4}.Release|x86.ActiveCfg = Release|Any CPU
		{D0702882-25B4-473F-BDC6-1CAEE7BBDCA4}.Release|x86.Build.0 = Release|Any CPU
		{A2BF837D-A55B-4302-B303-FC843AAA51D6}.Debug|Any CPU.ActiveCfg = Debug|Any CPU
		{A2BF837D-A55B-4302-B303-FC843AAA51D6}.Debug|Any CPU.Build.0 = Debug|Any CPU
		{A2BF837D-A55B-4302-B303-FC843AAA51D6}.Debug|x64.ActiveCfg = Debug|Any CPU
		{A2BF837D-A55B-4302-B303-FC843AAA51D6}.Debug|x64.Build.0 = Debug|Any CPU
		{A2BF837D-A55B-4302-B303-FC843AAA51D6}.Debug|x86.ActiveCfg = Debug|Any CPU
		{A2BF837D-A55B-4302-B303-FC843AAA51D6}.Debug|x86.Build.0 = Debug|Any CPU
		{A2BF837D-A55B-4302-B303-FC843AAA51D6}.Release|Any CPU.ActiveCfg = Release|Any CPU
		{A2BF837D-A55B-4302-B303-FC843AAA51D6}.Release|Any CPU.Build.0 = Release|Any CPU
		{A2BF837D-A55B-4302-B303-FC843AAA51D6}.Release|x64.ActiveCfg = Release|Any CPU
		{A2BF837D-A55B-4302-B303-FC843AAA51D6}.Release|x64.Build.0 = Release|Any CPU
		{A2BF837D-A55B-4302-B303-FC843AAA51D6}.Release|x86.ActiveCfg = Release|Any CPU
		{A2BF837D-A55B-4302-B303-FC843AAA51D6}.Release|x86.Build.0 = Release|Any CPU
		{1001EA5F-29C8-4F70-8AA0-55EFC166321F}.Debug|Any CPU.ActiveCfg = Debug|Any CPU
		{1001EA5F-29C8-4F70-8AA0-55EFC166321F}.Debug|Any CPU.Build.0 = Debug|Any CPU
		{1001EA5F-29C8-4F70-8AA0-55EFC166321F}.Debug|x64.ActiveCfg = Debug|Any CPU
		{1001EA5F-29C8-4F70-8AA0-55EFC166321F}.Debug|x64.Build.0 = Debug|Any CPU
		{1001EA5F-29C8-4F70-8AA0-55EFC166321F}.Debug|x86.ActiveCfg = Debug|Any CPU
		{1001EA5F-29C8-4F70-8AA0-55EFC166321F}.Debug|x86.Build.0 = Debug|Any CPU
		{1001EA5F-29C8-4F70-8AA0-55EFC166321F}.Release|Any CPU.ActiveCfg = Release|Any CPU
		{1001EA5F-29C8-4F70-8AA0-55EFC166321F}.Release|Any CPU.Build.0 = Release|Any CPU
		{1001EA5F-29C8-4F70-8AA0-55EFC166321F}.Release|x64.ActiveCfg = Release|Any CPU
		{1001EA5F-29C8-4F70-8AA0-55EFC166321F}.Release|x64.Build.0 = Release|Any CPU
		{1001EA5F-29C8-4F70-8AA0-55EFC166321F}.Release|x86.ActiveCfg = Release|Any CPU
		{1001EA5F-29C8-4F70-8AA0-55EFC166321F}.Release|x86.Build.0 = Release|Any CPU
		{62969B38-B55F-4E63-ACC9-236934B94031}.Debug|Any CPU.ActiveCfg = Debug|Any CPU
		{62969B38-B55F-4E63-ACC9-236934B94031}.Debug|Any CPU.Build.0 = Debug|Any CPU
		{62969B38-B55F-4E63-ACC9-236934B94031}.Debug|x64.ActiveCfg = Debug|Any CPU
		{62969B38-B55F-4E63-ACC9-236934B94031}.Debug|x64.Build.0 = Debug|Any CPU
		{62969B38-B55F-4E63-ACC9-236934B94031}.Debug|x86.ActiveCfg = Debug|Any CPU
		{62969B38-B55F-4E63-ACC9-236934B94031}.Debug|x86.Build.0 = Debug|Any CPU
		{62969B38-B55F-4E63-ACC9-236934B94031}.Release|Any CPU.ActiveCfg = Release|Any CPU
		{62969B38-B55F-4E63-ACC9-236934B94031}.Release|Any CPU.Build.0 = Release|Any CPU
		{62969B38-B55F-4E63-ACC9-236934B94031}.Release|x64.ActiveCfg = Release|Any CPU
		{62969B38-B55F-4E63-ACC9-236934B94031}.Release|x64.Build.0 = Release|Any CPU
		{62969B38-B55F-4E63-ACC9-236934B94031}.Release|x86.ActiveCfg = Release|Any CPU
		{62969B38-B55F-4E63-ACC9-236934B94031}.Release|x86.Build.0 = Release|Any CPU
		{437B71D3-B238-4021-96CC-8F21D8B1D114}.Debug|Any CPU.ActiveCfg = Debug|Any CPU
		{437B71D3-B238-4021-96CC-8F21D8B1D114}.Debug|Any CPU.Build.0 = Debug|Any CPU
		{437B71D3-B238-4021-96CC-8F21D8B1D114}.Debug|x64.ActiveCfg = Debug|Any CPU
		{437B71D3-B238-4021-96CC-8F21D8B1D114}.Debug|x64.Build.0 = Debug|Any CPU
		{437B71D3-B238-4021-96CC-8F21D8B1D114}.Debug|x86.ActiveCfg = Debug|Any CPU
		{437B71D3-B238-4021-96CC-8F21D8B1D114}.Debug|x86.Build.0 = Debug|Any CPU
		{437B71D3-B238-4021-96CC-8F21D8B1D114}.Release|Any CPU.ActiveCfg = Release|Any CPU
		{437B71D3-B238-4021-96CC-8F21D8B1D114}.Release|Any CPU.Build.0 = Release|Any CPU
		{437B71D3-B238-4021-96CC-8F21D8B1D114}.Release|x64.ActiveCfg = Release|Any CPU
		{437B71D3-B238-4021-96CC-8F21D8B1D114}.Release|x64.Build.0 = Release|Any CPU
		{437B71D3-B238-4021-96CC-8F21D8B1D114}.Release|x86.ActiveCfg = Release|Any CPU
		{437B71D3-B238-4021-96CC-8F21D8B1D114}.Release|x86.Build.0 = Release|Any CPU
		{3F29D4CC-8B03-4B39-B914-62E0B05264D3}.Debug|Any CPU.ActiveCfg = Debug|Any CPU
		{3F29D4CC-8B03-4B39-B914-62E0B05264D3}.Debug|Any CPU.Build.0 = Debug|Any CPU
		{3F29D4CC-8B03-4B39-B914-62E0B05264D3}.Debug|x64.ActiveCfg = Debug|Any CPU
		{3F29D4CC-8B03-4B39-B914-62E0B05264D3}.Debug|x64.Build.0 = Debug|Any CPU
		{3F29D4CC-8B03-4B39-B914-62E0B05264D3}.Debug|x86.ActiveCfg = Debug|Any CPU
		{3F29D4CC-8B03-4B39-B914-62E0B05264D3}.Debug|x86.Build.0 = Debug|Any CPU
		{3F29D4CC-8B03-4B39-B914-62E0B05264D3}.Release|Any CPU.ActiveCfg = Release|Any CPU
		{3F29D4CC-8B03-4B39-B914-62E0B05264D3}.Release|Any CPU.Build.0 = Release|Any CPU
		{3F29D4CC-8B03-4B39-B914-62E0B05264D3}.Release|x64.ActiveCfg = Release|Any CPU
		{3F29D4CC-8B03-4B39-B914-62E0B05264D3}.Release|x64.Build.0 = Release|Any CPU
		{3F29D4CC-8B03-4B39-B914-62E0B05264D3}.Release|x86.ActiveCfg = Release|Any CPU
		{3F29D4CC-8B03-4B39-B914-62E0B05264D3}.Release|x86.Build.0 = Release|Any CPU
		{9FB69031-6DAF-48AA-8339-E1469CE7A1BB}.Debug|Any CPU.ActiveCfg = Debug|Any CPU
		{9FB69031-6DAF-48AA-8339-E1469CE7A1BB}.Debug|Any CPU.Build.0 = Debug|Any CPU
		{9FB69031-6DAF-48AA-8339-E1469CE7A1BB}.Debug|x64.ActiveCfg = Debug|Any CPU
		{9FB69031-6DAF-48AA-8339-E1469CE7A1BB}.Debug|x64.Build.0 = Debug|Any CPU
		{9FB69031-6DAF-48AA-8339-E1469CE7A1BB}.Debug|x86.ActiveCfg = Debug|Any CPU
		{9FB69031-6DAF-48AA-8339-E1469CE7A1BB}.Debug|x86.Build.0 = Debug|Any CPU
		{9FB69031-6DAF-48AA-8339-E1469CE7A1BB}.Release|Any CPU.ActiveCfg = Release|Any CPU
		{9FB69031-6DAF-48AA-8339-E1469CE7A1BB}.Release|Any CPU.Build.0 = Release|Any CPU
		{9FB69031-6DAF-48AA-8339-E1469CE7A1BB}.Release|x64.ActiveCfg = Release|Any CPU
		{9FB69031-6DAF-48AA-8339-E1469CE7A1BB}.Release|x64.Build.0 = Release|Any CPU
		{9FB69031-6DAF-48AA-8339-E1469CE7A1BB}.Release|x86.ActiveCfg = Release|Any CPU
		{9FB69031-6DAF-48AA-8339-E1469CE7A1BB}.Release|x86.Build.0 = Release|Any CPU
		{C3D4C244-92E7-42CF-856D-E4CD18C1AEF7}.Debug|Any CPU.ActiveCfg = Debug|Any CPU
		{C3D4C244-92E7-42CF-856D-E4CD18C1AEF7}.Debug|Any CPU.Build.0 = Debug|Any CPU
		{C3D4C244-92E7-42CF-856D-E4CD18C1AEF7}.Debug|x64.ActiveCfg = Debug|Any CPU
		{C3D4C244-92E7-42CF-856D-E4CD18C1AEF7}.Debug|x64.Build.0 = Debug|Any CPU
		{C3D4C244-92E7-42CF-856D-E4CD18C1AEF7}.Debug|x86.ActiveCfg = Debug|Any CPU
		{C3D4C244-92E7-42CF-856D-E4CD18C1AEF7}.Debug|x86.Build.0 = Debug|Any CPU
		{C3D4C244-92E7-42CF-856D-E4CD18C1AEF7}.Release|Any CPU.ActiveCfg = Release|Any CPU
		{C3D4C244-92E7-42CF-856D-E4CD18C1AEF7}.Release|Any CPU.Build.0 = Release|Any CPU
		{C3D4C244-92E7-42CF-856D-E4CD18C1AEF7}.Release|x64.ActiveCfg = Release|Any CPU
		{C3D4C244-92E7-42CF-856D-E4CD18C1AEF7}.Release|x64.Build.0 = Release|Any CPU
		{C3D4C244-92E7-42CF-856D-E4CD18C1AEF7}.Release|x86.ActiveCfg = Release|Any CPU
		{C3D4C244-92E7-42CF-856D-E4CD18C1AEF7}.Release|x86.Build.0 = Release|Any CPU
		{34158F7F-928A-4F2D-8D6C-E7E514DA9405}.Debug|Any CPU.ActiveCfg = Debug|Any CPU
		{34158F7F-928A-4F2D-8D6C-E7E514DA9405}.Debug|Any CPU.Build.0 = Debug|Any CPU
		{34158F7F-928A-4F2D-8D6C-E7E514DA9405}.Debug|x64.ActiveCfg = Debug|Any CPU
		{34158F7F-928A-4F2D-8D6C-E7E514DA9405}.Debug|x64.Build.0 = Debug|Any CPU
		{34158F7F-928A-4F2D-8D6C-E7E514DA9405}.Debug|x86.ActiveCfg = Debug|Any CPU
		{34158F7F-928A-4F2D-8D6C-E7E514DA9405}.Debug|x86.Build.0 = Debug|Any CPU
		{34158F7F-928A-4F2D-8D6C-E7E514DA9405}.Release|Any CPU.ActiveCfg = Release|Any CPU
		{34158F7F-928A-4F2D-8D6C-E7E514DA9405}.Release|Any CPU.Build.0 = Release|Any CPU
		{34158F7F-928A-4F2D-8D6C-E7E514DA9405}.Release|x64.ActiveCfg = Release|Any CPU
		{34158F7F-928A-4F2D-8D6C-E7E514DA9405}.Release|x64.Build.0 = Release|Any CPU
		{34158F7F-928A-4F2D-8D6C-E7E514DA9405}.Release|x86.ActiveCfg = Release|Any CPU
		{34158F7F-928A-4F2D-8D6C-E7E514DA9405}.Release|x86.Build.0 = Release|Any CPU
		{E9C25468-D86D-4783-8F58-84973D635DAA}.Debug|Any CPU.ActiveCfg = Debug|Any CPU
		{E9C25468-D86D-4783-8F58-84973D635DAA}.Debug|Any CPU.Build.0 = Debug|Any CPU
		{E9C25468-D86D-4783-8F58-84973D635DAA}.Debug|x64.ActiveCfg = Debug|Any CPU
		{E9C25468-D86D-4783-8F58-84973D635DAA}.Debug|x64.Build.0 = Debug|Any CPU
		{E9C25468-D86D-4783-8F58-84973D635DAA}.Debug|x86.ActiveCfg = Debug|Any CPU
		{E9C25468-D86D-4783-8F58-84973D635DAA}.Debug|x86.Build.0 = Debug|Any CPU
		{E9C25468-D86D-4783-8F58-84973D635DAA}.Release|Any CPU.ActiveCfg = Release|Any CPU
		{E9C25468-D86D-4783-8F58-84973D635DAA}.Release|Any CPU.Build.0 = Release|Any CPU
		{E9C25468-D86D-4783-8F58-84973D635DAA}.Release|x64.ActiveCfg = Release|Any CPU
		{E9C25468-D86D-4783-8F58-84973D635DAA}.Release|x64.Build.0 = Release|Any CPU
		{E9C25468-D86D-4783-8F58-84973D635DAA}.Release|x86.ActiveCfg = Release|Any CPU
		{E9C25468-D86D-4783-8F58-84973D635DAA}.Release|x86.Build.0 = Release|Any CPU
		{57EAD26D-B81A-450A-B3EF-DBC5D274E0FB}.Debug|Any CPU.ActiveCfg = Debug|Any CPU
		{57EAD26D-B81A-450A-B3EF-DBC5D274E0FB}.Debug|Any CPU.Build.0 = Debug|Any CPU
		{57EAD26D-B81A-450A-B3EF-DBC5D274E0FB}.Debug|x64.ActiveCfg = Debug|Any CPU
		{57EAD26D-B81A-450A-B3EF-DBC5D274E0FB}.Debug|x64.Build.0 = Debug|Any CPU
		{57EAD26D-B81A-450A-B3EF-DBC5D274E0FB}.Debug|x86.ActiveCfg = Debug|Any CPU
		{57EAD26D-B81A-450A-B3EF-DBC5D274E0FB}.Debug|x86.Build.0 = Debug|Any CPU
		{57EAD26D-B81A-450A-B3EF-DBC5D274E0FB}.Release|Any CPU.ActiveCfg = Release|Any CPU
		{57EAD26D-B81A-450A-B3EF-DBC5D274E0FB}.Release|Any CPU.Build.0 = Release|Any CPU
		{57EAD26D-B81A-450A-B3EF-DBC5D274E0FB}.Release|x64.ActiveCfg = Release|Any CPU
		{57EAD26D-B81A-450A-B3EF-DBC5D274E0FB}.Release|x64.Build.0 = Release|Any CPU
		{57EAD26D-B81A-450A-B3EF-DBC5D274E0FB}.Release|x86.ActiveCfg = Release|Any CPU
		{57EAD26D-B81A-450A-B3EF-DBC5D274E0FB}.Release|x86.Build.0 = Release|Any CPU
		{81982B10-7BA5-4302-8AF0-208326F5BA86}.Debug|Any CPU.ActiveCfg = Debug|Any CPU
		{81982B10-7BA5-4302-8AF0-208326F5BA86}.Debug|Any CPU.Build.0 = Debug|Any CPU
		{81982B10-7BA5-4302-8AF0-208326F5BA86}.Debug|x64.ActiveCfg = Debug|Any CPU
		{81982B10-7BA5-4302-8AF0-208326F5BA86}.Debug|x64.Build.0 = Debug|Any CPU
		{81982B10-7BA5-4302-8AF0-208326F5BA86}.Debug|x86.ActiveCfg = Debug|Any CPU
		{81982B10-7BA5-4302-8AF0-208326F5BA86}.Debug|x86.Build.0 = Debug|Any CPU
		{81982B10-7BA5-4302-8AF0-208326F5BA86}.Release|Any CPU.ActiveCfg = Release|Any CPU
		{81982B10-7BA5-4302-8AF0-208326F5BA86}.Release|Any CPU.Build.0 = Release|Any CPU
		{81982B10-7BA5-4302-8AF0-208326F5BA86}.Release|x64.ActiveCfg = Release|Any CPU
		{81982B10-7BA5-4302-8AF0-208326F5BA86}.Release|x64.Build.0 = Release|Any CPU
		{81982B10-7BA5-4302-8AF0-208326F5BA86}.Release|x86.ActiveCfg = Release|Any CPU
		{81982B10-7BA5-4302-8AF0-208326F5BA86}.Release|x86.Build.0 = Release|Any CPU
		{44781767-C723-432A-A7F8-F7B59AC1EB76}.Debug|Any CPU.ActiveCfg = Debug|Any CPU
		{44781767-C723-432A-A7F8-F7B59AC1EB76}.Debug|Any CPU.Build.0 = Debug|Any CPU
		{44781767-C723-432A-A7F8-F7B59AC1EB76}.Debug|x64.ActiveCfg = Debug|Any CPU
		{44781767-C723-432A-A7F8-F7B59AC1EB76}.Debug|x64.Build.0 = Debug|Any CPU
		{44781767-C723-432A-A7F8-F7B59AC1EB76}.Debug|x86.ActiveCfg = Debug|Any CPU
		{44781767-C723-432A-A7F8-F7B59AC1EB76}.Debug|x86.Build.0 = Debug|Any CPU
		{44781767-C723-432A-A7F8-F7B59AC1EB76}.Release|Any CPU.ActiveCfg = Release|Any CPU
		{44781767-C723-432A-A7F8-F7B59AC1EB76}.Release|Any CPU.Build.0 = Release|Any CPU
		{44781767-C723-432A-A7F8-F7B59AC1EB76}.Release|x64.ActiveCfg = Release|Any CPU
		{44781767-C723-432A-A7F8-F7B59AC1EB76}.Release|x64.Build.0 = Release|Any CPU
		{44781767-C723-432A-A7F8-F7B59AC1EB76}.Release|x86.ActiveCfg = Release|Any CPU
		{44781767-C723-432A-A7F8-F7B59AC1EB76}.Release|x86.Build.0 = Release|Any CPU
		{A7295859-4D0C-46A4-8F06-3A6BC74B30EE}.Debug|Any CPU.ActiveCfg = Debug|Any CPU
		{A7295859-4D0C-46A4-8F06-3A6BC74B30EE}.Debug|Any CPU.Build.0 = Debug|Any CPU
		{A7295859-4D0C-46A4-8F06-3A6BC74B30EE}.Debug|x64.ActiveCfg = Debug|Any CPU
		{A7295859-4D0C-46A4-8F06-3A6BC74B30EE}.Debug|x64.Build.0 = Debug|Any CPU
		{A7295859-4D0C-46A4-8F06-3A6BC74B30EE}.Debug|x86.ActiveCfg = Debug|Any CPU
		{A7295859-4D0C-46A4-8F06-3A6BC74B30EE}.Debug|x86.Build.0 = Debug|Any CPU
		{A7295859-4D0C-46A4-8F06-3A6BC74B30EE}.Release|Any CPU.ActiveCfg = Release|Any CPU
		{A7295859-4D0C-46A4-8F06-3A6BC74B30EE}.Release|Any CPU.Build.0 = Release|Any CPU
		{A7295859-4D0C-46A4-8F06-3A6BC74B30EE}.Release|x64.ActiveCfg = Release|Any CPU
		{A7295859-4D0C-46A4-8F06-3A6BC74B30EE}.Release|x64.Build.0 = Release|Any CPU
		{A7295859-4D0C-46A4-8F06-3A6BC74B30EE}.Release|x86.ActiveCfg = Release|Any CPU
		{A7295859-4D0C-46A4-8F06-3A6BC74B30EE}.Release|x86.Build.0 = Release|Any CPU
		{D857F18B-6EAC-4D63-B365-AC1770FF2353}.Debug|Any CPU.ActiveCfg = Debug|Any CPU
		{D857F18B-6EAC-4D63-B365-AC1770FF2353}.Debug|Any CPU.Build.0 = Debug|Any CPU
		{D857F18B-6EAC-4D63-B365-AC1770FF2353}.Debug|x64.ActiveCfg = Debug|Any CPU
		{D857F18B-6EAC-4D63-B365-AC1770FF2353}.Debug|x64.Build.0 = Debug|Any CPU
		{D857F18B-6EAC-4D63-B365-AC1770FF2353}.Debug|x86.ActiveCfg = Debug|Any CPU
		{D857F18B-6EAC-4D63-B365-AC1770FF2353}.Debug|x86.Build.0 = Debug|Any CPU
		{D857F18B-6EAC-4D63-B365-AC1770FF2353}.Release|Any CPU.ActiveCfg = Release|Any CPU
		{D857F18B-6EAC-4D63-B365-AC1770FF2353}.Release|Any CPU.Build.0 = Release|Any CPU
		{D857F18B-6EAC-4D63-B365-AC1770FF2353}.Release|x64.ActiveCfg = Release|Any CPU
		{D857F18B-6EAC-4D63-B365-AC1770FF2353}.Release|x64.Build.0 = Release|Any CPU
		{D857F18B-6EAC-4D63-B365-AC1770FF2353}.Release|x86.ActiveCfg = Release|Any CPU
		{D857F18B-6EAC-4D63-B365-AC1770FF2353}.Release|x86.Build.0 = Release|Any CPU
		{B2895212-B65C-4BC9-A553-338856E3C617}.Debug|Any CPU.ActiveCfg = Debug|Any CPU
		{B2895212-B65C-4BC9-A553-338856E3C617}.Debug|Any CPU.Build.0 = Debug|Any CPU
		{B2895212-B65C-4BC9-A553-338856E3C617}.Debug|x64.ActiveCfg = Debug|Any CPU
		{B2895212-B65C-4BC9-A553-338856E3C617}.Debug|x64.Build.0 = Debug|Any CPU
		{B2895212-B65C-4BC9-A553-338856E3C617}.Debug|x86.ActiveCfg = Debug|Any CPU
		{B2895212-B65C-4BC9-A553-338856E3C617}.Debug|x86.Build.0 = Debug|Any CPU
		{B2895212-B65C-4BC9-A553-338856E3C617}.Release|Any CPU.ActiveCfg = Release|Any CPU
		{B2895212-B65C-4BC9-A553-338856E3C617}.Release|Any CPU.Build.0 = Release|Any CPU
		{B2895212-B65C-4BC9-A553-338856E3C617}.Release|x64.ActiveCfg = Release|Any CPU
		{B2895212-B65C-4BC9-A553-338856E3C617}.Release|x64.Build.0 = Release|Any CPU
		{B2895212-B65C-4BC9-A553-338856E3C617}.Release|x86.ActiveCfg = Release|Any CPU
		{B2895212-B65C-4BC9-A553-338856E3C617}.Release|x86.Build.0 = Release|Any CPU
		{57519EA0-4A9D-4EE6-AC0D-968DC86ECC00}.Debug|Any CPU.ActiveCfg = Debug|Any CPU
		{57519EA0-4A9D-4EE6-AC0D-968DC86ECC00}.Debug|Any CPU.Build.0 = Debug|Any CPU
		{57519EA0-4A9D-4EE6-AC0D-968DC86ECC00}.Debug|x64.ActiveCfg = Debug|Any CPU
		{57519EA0-4A9D-4EE6-AC0D-968DC86ECC00}.Debug|x64.Build.0 = Debug|Any CPU
		{57519EA0-4A9D-4EE6-AC0D-968DC86ECC00}.Debug|x86.ActiveCfg = Debug|Any CPU
		{57519EA0-4A9D-4EE6-AC0D-968DC86ECC00}.Debug|x86.Build.0 = Debug|Any CPU
		{57519EA0-4A9D-4EE6-AC0D-968DC86ECC00}.Release|Any CPU.ActiveCfg = Release|Any CPU
		{57519EA0-4A9D-4EE6-AC0D-968DC86ECC00}.Release|Any CPU.Build.0 = Release|Any CPU
		{57519EA0-4A9D-4EE6-AC0D-968DC86ECC00}.Release|x64.ActiveCfg = Release|Any CPU
		{57519EA0-4A9D-4EE6-AC0D-968DC86ECC00}.Release|x64.Build.0 = Release|Any CPU
		{57519EA0-4A9D-4EE6-AC0D-968DC86ECC00}.Release|x86.ActiveCfg = Release|Any CPU
		{57519EA0-4A9D-4EE6-AC0D-968DC86ECC00}.Release|x86.Build.0 = Release|Any CPU
		{B9E2EB2E-EC08-4C3C-B665-54DA2669B6A3}.Debug|Any CPU.ActiveCfg = Debug|Any CPU
		{B9E2EB2E-EC08-4C3C-B665-54DA2669B6A3}.Debug|Any CPU.Build.0 = Debug|Any CPU
		{B9E2EB2E-EC08-4C3C-B665-54DA2669B6A3}.Debug|x64.ActiveCfg = Debug|Any CPU
		{B9E2EB2E-EC08-4C3C-B665-54DA2669B6A3}.Debug|x64.Build.0 = Debug|Any CPU
		{B9E2EB2E-EC08-4C3C-B665-54DA2669B6A3}.Debug|x86.ActiveCfg = Debug|Any CPU
		{B9E2EB2E-EC08-4C3C-B665-54DA2669B6A3}.Debug|x86.Build.0 = Debug|Any CPU
		{B9E2EB2E-EC08-4C3C-B665-54DA2669B6A3}.Release|Any CPU.ActiveCfg = Release|Any CPU
		{B9E2EB2E-EC08-4C3C-B665-54DA2669B6A3}.Release|Any CPU.Build.0 = Release|Any CPU
		{B9E2EB2E-EC08-4C3C-B665-54DA2669B6A3}.Release|x64.ActiveCfg = Release|Any CPU
		{B9E2EB2E-EC08-4C3C-B665-54DA2669B6A3}.Release|x64.Build.0 = Release|Any CPU
		{B9E2EB2E-EC08-4C3C-B665-54DA2669B6A3}.Release|x86.ActiveCfg = Release|Any CPU
		{B9E2EB2E-EC08-4C3C-B665-54DA2669B6A3}.Release|x86.Build.0 = Release|Any CPU
		{9795421C-94F7-499C-B1DE-DC08EDD60090}.Debug|Any CPU.ActiveCfg = Debug|Any CPU
		{9795421C-94F7-499C-B1DE-DC08EDD60090}.Debug|Any CPU.Build.0 = Debug|Any CPU
		{9795421C-94F7-499C-B1DE-DC08EDD60090}.Debug|x64.ActiveCfg = Debug|Any CPU
		{9795421C-94F7-499C-B1DE-DC08EDD60090}.Debug|x64.Build.0 = Debug|Any CPU
		{9795421C-94F7-499C-B1DE-DC08EDD60090}.Debug|x86.ActiveCfg = Debug|Any CPU
		{9795421C-94F7-499C-B1DE-DC08EDD60090}.Debug|x86.Build.0 = Debug|Any CPU
		{9795421C-94F7-499C-B1DE-DC08EDD60090}.Release|Any CPU.ActiveCfg = Release|Any CPU
		{9795421C-94F7-499C-B1DE-DC08EDD60090}.Release|Any CPU.Build.0 = Release|Any CPU
		{9795421C-94F7-499C-B1DE-DC08EDD60090}.Release|x64.ActiveCfg = Release|Any CPU
		{9795421C-94F7-499C-B1DE-DC08EDD60090}.Release|x64.Build.0 = Release|Any CPU
		{9795421C-94F7-499C-B1DE-DC08EDD60090}.Release|x86.ActiveCfg = Release|Any CPU
		{9795421C-94F7-499C-B1DE-DC08EDD60090}.Release|x86.Build.0 = Release|Any CPU
		{C6F42ACC-7066-434A-9DC2-EFC3B47DA45E}.Debug|Any CPU.ActiveCfg = Debug|Any CPU
		{C6F42ACC-7066-434A-9DC2-EFC3B47DA45E}.Debug|Any CPU.Build.0 = Debug|Any CPU
		{C6F42ACC-7066-434A-9DC2-EFC3B47DA45E}.Debug|x64.ActiveCfg = Debug|Any CPU
		{C6F42ACC-7066-434A-9DC2-EFC3B47DA45E}.Debug|x64.Build.0 = Debug|Any CPU
		{C6F42ACC-7066-434A-9DC2-EFC3B47DA45E}.Debug|x86.ActiveCfg = Debug|Any CPU
		{C6F42ACC-7066-434A-9DC2-EFC3B47DA45E}.Debug|x86.Build.0 = Debug|Any CPU
		{C6F42ACC-7066-434A-9DC2-EFC3B47DA45E}.Release|Any CPU.ActiveCfg = Release|Any CPU
		{C6F42ACC-7066-434A-9DC2-EFC3B47DA45E}.Release|Any CPU.Build.0 = Release|Any CPU
		{C6F42ACC-7066-434A-9DC2-EFC3B47DA45E}.Release|x64.ActiveCfg = Release|Any CPU
		{C6F42ACC-7066-434A-9DC2-EFC3B47DA45E}.Release|x64.Build.0 = Release|Any CPU
		{C6F42ACC-7066-434A-9DC2-EFC3B47DA45E}.Release|x86.ActiveCfg = Release|Any CPU
		{C6F42ACC-7066-434A-9DC2-EFC3B47DA45E}.Release|x86.Build.0 = Release|Any CPU
		{E854EFA7-2AD2-4822-8EF0-7F9E3E53D069}.Debug|Any CPU.ActiveCfg = Debug|Any CPU
		{E854EFA7-2AD2-4822-8EF0-7F9E3E53D069}.Debug|Any CPU.Build.0 = Debug|Any CPU
		{E854EFA7-2AD2-4822-8EF0-7F9E3E53D069}.Debug|x64.ActiveCfg = Debug|Any CPU
		{E854EFA7-2AD2-4822-8EF0-7F9E3E53D069}.Debug|x64.Build.0 = Debug|Any CPU
		{E854EFA7-2AD2-4822-8EF0-7F9E3E53D069}.Debug|x86.ActiveCfg = Debug|Any CPU
		{E854EFA7-2AD2-4822-8EF0-7F9E3E53D069}.Debug|x86.Build.0 = Debug|Any CPU
		{E854EFA7-2AD2-4822-8EF0-7F9E3E53D069}.Release|Any CPU.ActiveCfg = Release|Any CPU
		{E854EFA7-2AD2-4822-8EF0-7F9E3E53D069}.Release|Any CPU.Build.0 = Release|Any CPU
		{E854EFA7-2AD2-4822-8EF0-7F9E3E53D069}.Release|x64.ActiveCfg = Release|Any CPU
		{E854EFA7-2AD2-4822-8EF0-7F9E3E53D069}.Release|x64.Build.0 = Release|Any CPU
		{E854EFA7-2AD2-4822-8EF0-7F9E3E53D069}.Release|x86.ActiveCfg = Release|Any CPU
		{E854EFA7-2AD2-4822-8EF0-7F9E3E53D069}.Release|x86.Build.0 = Release|Any CPU
		{7A8009C5-C490-4DA2-8030-F8C8575264D6}.Debug|Any CPU.ActiveCfg = Debug|Any CPU
		{7A8009C5-C490-4DA2-8030-F8C8575264D6}.Debug|Any CPU.Build.0 = Debug|Any CPU
		{7A8009C5-C490-4DA2-8030-F8C8575264D6}.Debug|x64.ActiveCfg = Debug|Any CPU
		{7A8009C5-C490-4DA2-8030-F8C8575264D6}.Debug|x64.Build.0 = Debug|Any CPU
		{7A8009C5-C490-4DA2-8030-F8C8575264D6}.Debug|x86.ActiveCfg = Debug|Any CPU
		{7A8009C5-C490-4DA2-8030-F8C8575264D6}.Debug|x86.Build.0 = Debug|Any CPU
		{7A8009C5-C490-4DA2-8030-F8C8575264D6}.Release|Any CPU.ActiveCfg = Release|Any CPU
		{7A8009C5-C490-4DA2-8030-F8C8575264D6}.Release|Any CPU.Build.0 = Release|Any CPU
		{7A8009C5-C490-4DA2-8030-F8C8575264D6}.Release|x64.ActiveCfg = Release|Any CPU
		{7A8009C5-C490-4DA2-8030-F8C8575264D6}.Release|x64.Build.0 = Release|Any CPU
		{7A8009C5-C490-4DA2-8030-F8C8575264D6}.Release|x86.ActiveCfg = Release|Any CPU
		{7A8009C5-C490-4DA2-8030-F8C8575264D6}.Release|x86.Build.0 = Release|Any CPU
	EndGlobalSection
EndGlobal
