
Microsoft Visual Studio Solution File, Format Version 12.00
# Visual Studio 15
VisualStudioVersion = 15.0.26124.0
MinimumVisualStudioVersion = 15.0.26124.0
Project("{FAE04EC0-301F-11D3-BF4B-00C04F79EFBC}") = "Penguin.Cms.Workers.Email.Local", "Penguin.Cms.Workers.Email.Local.csproj", "{60DCB475-447F-4B4B-9A1B-F03072529081}"
EndProject
Project("{FAE04EC0-301F-11D3-BF4B-00C04F79EFBC}") = "Penguin.Cms.Email.Local", "..\Penguin.Cms.Email\Penguin.Cms.Email.Local.csproj", "{992AF846-C00D-4A84-8302-9F2D1E4BA178}"
EndProject
Project("{FAE04EC0-301F-11D3-BF4B-00C04F79EFBC}") = "Penguin.Cms.Abstractions.Local", "..\Penguin.Cms.Abstractions\Penguin.Cms.Abstractions.Local.csproj", "{DC4B2FCB-9166-42FB-A443-8EAF17FA8021}"
EndProject
Project("{FAE04EC0-301F-11D3-BF4B-00C04F79EFBC}") = "Penguin.DependencyInjection.Abstractions.Local", "..\Penguin.DependencyInjection.Abstractions\Penguin.DependencyInjection.Abstractions.Local.csproj", "{9191719D-064A-4705-BD0A-2E6134C96039}"
EndProject
Project("{FAE04EC0-301F-11D3-BF4B-00C04F79EFBC}") = "Penguin.Persistence.Abstractions.Local", "..\Penguin.Persistence.Abstractions\Penguin.Persistence.Abstractions.Local.csproj", "{CB5D0B05-5306-40F4-84A1-FD2892DBD3FA}"
EndProject
Project("{FAE04EC0-301F-11D3-BF4B-00C04F79EFBC}") = "Penguin.Entities.Abstractions.Local", "..\Penguin.Entities.Abstractions\Penguin.Entities.Abstractions.Local.csproj", "{A96342C5-4889-42E1-A36D-782F5D6956E8}"
EndProject
Project("{FAE04EC0-301F-11D3-BF4B-00C04F79EFBC}") = "Penguin.Reflection.Extensions.Local", "..\Penguin.Reflection.Extensions\Penguin.Reflection.Extensions.Local.csproj", "{9DFBBEEF-844B-41FE-9566-5E04495A41F3}"
EndProject
Project("{FAE04EC0-301F-11D3-BF4B-00C04F79EFBC}") = "Penguin.Extensions.String.Local", "..\Penguin.Extensions.String\Penguin.Extensions.String.Local.csproj", "{07A9B1A4-0459-466A-8637-DCB4CCD21DB4}"
EndProject
Project("{FAE04EC0-301F-11D3-BF4B-00C04F79EFBC}") = "Penguin.Reflection.Abstractions.Local", "..\Penguin.Reflection.Abstractions\Penguin.Reflection.Abstractions.Local.csproj", "{7336D72B-C16C-4AA2-837C-0F9F1CCE6219}"
EndProject
Project("{FAE04EC0-301F-11D3-BF4B-00C04F79EFBC}") = "Penguin.Cms.Email.Abstractions.Local", "..\Penguin.Cms.Email.Abstractions\Penguin.Cms.Email.Abstractions.Local.csproj", "{E7235ADA-825A-46D3-A0DE-DF9E0DBD8F83}"
EndProject
Project("{FAE04EC0-301F-11D3-BF4B-00C04F79EFBC}") = "Penguin.Email.Abstractions.Local", "..\Penguin.Email.Abstractions\Penguin.Email.Abstractions.Local.csproj", "{73DB4F8A-8E35-4965-960E-686BE259BD79}"
EndProject
Project("{FAE04EC0-301F-11D3-BF4B-00C04F79EFBC}") = "Penguin.Files.Abstractions.Local", "..\Penguin.Files.Abstractions\Penguin.Files.Abstractions.Local.csproj", "{0AE9D926-D717-4DA1-808F-FE6238EA2E1F}"
EndProject
Project("{FAE04EC0-301F-11D3-BF4B-00C04F79EFBC}") = "Penguin.Cms.Files.Local", "..\Penguin.Cms.Files\Penguin.Cms.Files.Local.csproj", "{B026D256-9DA7-4F67-9467-4E91F0FCFF80}"
EndProject
Project("{FAE04EC0-301F-11D3-BF4B-00C04F79EFBC}") = "Penguin.Cms.Entities.Local", "..\Penguin.Cms.Entities\Penguin.Cms.Entities.Local.csproj", "{5612B00D-9669-4583-ABE6-653FE1FB251E}"
EndProject
Project("{FAE04EC0-301F-11D3-BF4B-00C04F79EFBC}") = "Penguin.Configuration.Abstractions.Local", "..\Penguin.Configuration.Abstractions\Penguin.Configuration.Abstractions.Local.csproj", "{D884F12F-EA8A-4092-B4D9-D348D4B3A5A8}"
EndProject
Project("{FAE04EC0-301F-11D3-BF4B-00C04F79EFBC}") = "Penguin.Email.Local", "..\Penguin.Email\Penguin.Email.Local.csproj", "{69279736-2262-4A74-8077-27DF7C25D504}"
EndProject
Project("{FAE04EC0-301F-11D3-BF4B-00C04F79EFBC}") = "Penguin.Web.Data.Local", "..\Penguin.Web.Data\Penguin.Web.Data.Local.csproj", "{8C36DA2A-440A-4948-B016-ED39E6AE85B5}"
EndProject
Project("{FAE04EC0-301F-11D3-BF4B-00C04F79EFBC}") = "Penguin.Cms.Email.Repositories.Local", "..\Penguin.Cms.Email.Repositories\Penguin.Cms.Email.Repositories.Local.csproj", "{7EF8CC7A-2360-4A13-8912-7C9AA9AB57A6}"
EndProject
Project("{FAE04EC0-301F-11D3-BF4B-00C04F79EFBC}") = "Penguin.Cms.Repositories.Local", "..\Penguin.Cms.Repositories\Penguin.Cms.Repositories.Local.csproj", "{9BDC7EA8-B2D5-421F-BD2D-06815E9B001F}"
EndProject
Project("{FAE04EC0-301F-11D3-BF4B-00C04F79EFBC}") = "Penguin.Messaging.Core.Local", "..\Penguin.Messaging.Core\Penguin.Messaging.Core.Local.csproj", "{BBE1F1A6-D133-47DC-8005-4BD4CECB7C4E}"
EndProject
Project("{FAE04EC0-301F-11D3-BF4B-00C04F79EFBC}") = "Penguin.Debugging.Local", "..\Penguin.Debugging\Penguin.Debugging.Local.csproj", "{B5A7F37A-1F76-4466-8C56-4510F7203A9F}"
EndProject
Project("{FAE04EC0-301F-11D3-BF4B-00C04F79EFBC}") = "Penguin.Extensions.Exceptions.Local", "..\Penguin.Extensions.Exceptions\Penguin.Extensions.Exceptions.Local.csproj", "{1E6C38B5-6D55-4C51-B2E9-7D3B20593D5C}"
EndProject
Project("{FAE04EC0-301F-11D3-BF4B-00C04F79EFBC}") = "Penguin.Messaging.Abstractions.Local", "..\Penguin.Messaging.Abstractions\Penguin.Messaging.Abstractions.Local.csproj", "{CB307390-7C6F-4866-A027-638922D03D41}"
EndProject
Project("{FAE04EC0-301F-11D3-BF4B-00C04F79EFBC}") = "Penguin.Persistence.Repositories.Local", "..\Penguin.Persistence.Repositories\Penguin.Persistence.Repositories.Local.csproj", "{F9540804-7443-4120-A2E3-2C55E0C4D360}"
EndProject
Project("{FAE04EC0-301F-11D3-BF4B-00C04F79EFBC}") = "Penguin.Messaging.Persistence.Local", "..\Penguin.Messaging.Persistence\Penguin.Messaging.Persistence.Local.csproj", "{1DFE789C-3BEF-42B0-B26A-579587E4F334}"
EndProject
Project("{FAE04EC0-301F-11D3-BF4B-00C04F79EFBC}") = "Penguin.Reflection.Local", "..\Penguin.Reflection\Penguin.Reflection.Local.csproj", "{F02A8105-9C7D-4E33-95A6-E9F21ED52ACE}"
EndProject
Project("{FAE04EC0-301F-11D3-BF4B-00C04F79EFBC}") = "Penguin.Persistence.Database.Local", "..\Penguin.Persistence.Database\Penguin.Persistence.Database.Local.csproj", "{CE0A2E79-6D74-4F47-98BC-E214FB9FB917}"
EndProject
Project("{FAE04EC0-301F-11D3-BF4B-00C04F79EFBC}") = "Penguin.Threading.BackgroundWorker.Local", "..\Penguin.Threading.BackgroundWorker\Penguin.Threading.BackgroundWorker.Local.csproj", "{855B6B34-8D42-4497-B612-C52A1FFADAA0}"
EndProject
Project("{FAE04EC0-301F-11D3-BF4B-00C04F79EFBC}") = "Penguin.Cms.Workers.Local", "..\Penguin.Cms.Workers\Penguin.Cms.Workers.Local.csproj", "{20873689-F6E1-4EDE-978E-EC4F9F5A76C9}"
EndProject
Project("{FAE04EC0-301F-11D3-BF4B-00C04F79EFBC}") = "Penguin.Cms.Logging.Local", "..\Penguin.Cms.Logging\Penguin.Cms.Logging.Local.csproj", "{BAE969A6-834C-4FC0-B3F1-54A1A3C75E76}"
EndProject
Project("{FAE04EC0-301F-11D3-BF4B-00C04F79EFBC}") = "Penguin.Cms.Errors.Local", "..\Penguin.Cms.Errors\Penguin.Cms.Errors.Local.csproj", "{21D040AF-73D6-469D-8AA0-8FDCB2D7AD31}"
EndProject
Project("{FAE04EC0-301F-11D3-BF4B-00C04F79EFBC}") = "Penguin.Auditing.Abstractions.Local", "..\Penguin.Auditing.Abstractions\Penguin.Auditing.Abstractions.Local.csproj", "{84F27E7B-9D00-4A7A-B06A-DE353594D3D6}"
EndProject
Project("{FAE04EC0-301F-11D3-BF4B-00C04F79EFBC}") = "Penguin.Messaging.Logging.Local", "..\Penguin.Messaging.Logging\Penguin.Messaging.Logging.Local.csproj", "{880F1EA7-0DDE-42B3-93FF-E44261757DA9}"
EndProject
Project("{FAE04EC0-301F-11D3-BF4B-00C04F79EFBC}") = "Penguin.Configuration.Local", "..\Penguin.Configuration\Penguin.Configuration.Local.csproj", "{D74BA9F4-7422-4727-BA24-873EF63A52A7}"
EndProject
Project("{FAE04EC0-301F-11D3-BF4B-00C04F79EFBC}") = "Penguin.Workers.Abstractions.Local", "..\Penguin.Workers.Abstractions\Penguin.Workers.Abstractions.Local.csproj", "{91BDF1EA-D92C-422C-A26D-B10D7C33E9E8}"
EndProject
Project("{FAE04EC0-301F-11D3-BF4B-00C04F79EFBC}") = "Penguin.Workers.Repositories.Local", "..\Penguin.Workers.Repositories\Penguin.Workers.Repositories.Local.csproj", "{31952C20-23DF-4BCE-A7BD-8B77991CF8FB}"
EndProject
Project("{FAE04EC0-301F-11D3-BF4B-00C04F79EFBC}") = "Penguin.Cms.Workers.Entities.Local", "..\Penguin.Cms.Workers.Entities\Penguin.Cms.Workers.Entities.Local.csproj", "{2DA79A95-9A1F-4851-8A35-C7E7BD2C30F7}"
EndProject
Global
	GlobalSection(SolutionConfigurationPlatforms) = preSolution
		Debug|Any CPU = Debug|Any CPU
		Debug|x64 = Debug|x64
		Debug|x86 = Debug|x86
		Release|Any CPU = Release|Any CPU
		Release|x64 = Release|x64
		Release|x86 = Release|x86
	EndGlobalSection
	GlobalSection(SolutionProperties) = preSolution
		HideSolutionNode = FALSE
	EndGlobalSection
	GlobalSection(ProjectConfigurationPlatforms) = postSolution
		{60DCB475-447F-4B4B-9A1B-F03072529081}.Debug|Any CPU.ActiveCfg = Debug|Any CPU
		{60DCB475-447F-4B4B-9A1B-F03072529081}.Debug|Any CPU.Build.0 = Debug|Any CPU
		{60DCB475-447F-4B4B-9A1B-F03072529081}.Debug|x64.ActiveCfg = Debug|Any CPU
		{60DCB475-447F-4B4B-9A1B-F03072529081}.Debug|x64.Build.0 = Debug|Any CPU
		{60DCB475-447F-4B4B-9A1B-F03072529081}.Debug|x86.ActiveCfg = Debug|Any CPU
		{60DCB475-447F-4B4B-9A1B-F03072529081}.Debug|x86.Build.0 = Debug|Any CPU
		{60DCB475-447F-4B4B-9A1B-F03072529081}.Release|Any CPU.ActiveCfg = Release|Any CPU
		{60DCB475-447F-4B4B-9A1B-F03072529081}.Release|Any CPU.Build.0 = Release|Any CPU
		{60DCB475-447F-4B4B-9A1B-F03072529081}.Release|x64.ActiveCfg = Release|Any CPU
		{60DCB475-447F-4B4B-9A1B-F03072529081}.Release|x64.Build.0 = Release|Any CPU
		{60DCB475-447F-4B4B-9A1B-F03072529081}.Release|x86.ActiveCfg = Release|Any CPU
		{60DCB475-447F-4B4B-9A1B-F03072529081}.Release|x86.Build.0 = Release|Any CPU
		{992AF846-C00D-4A84-8302-9F2D1E4BA178}.Debug|Any CPU.ActiveCfg = Debug|Any CPU
		{992AF846-C00D-4A84-8302-9F2D1E4BA178}.Debug|Any CPU.Build.0 = Debug|Any CPU
		{992AF846-C00D-4A84-8302-9F2D1E4BA178}.Debug|x64.ActiveCfg = Debug|Any CPU
		{992AF846-C00D-4A84-8302-9F2D1E4BA178}.Debug|x64.Build.0 = Debug|Any CPU
		{992AF846-C00D-4A84-8302-9F2D1E4BA178}.Debug|x86.ActiveCfg = Debug|Any CPU
		{992AF846-C00D-4A84-8302-9F2D1E4BA178}.Debug|x86.Build.0 = Debug|Any CPU
		{992AF846-C00D-4A84-8302-9F2D1E4BA178}.Release|Any CPU.ActiveCfg = Release|Any CPU
		{992AF846-C00D-4A84-8302-9F2D1E4BA178}.Release|Any CPU.Build.0 = Release|Any CPU
		{992AF846-C00D-4A84-8302-9F2D1E4BA178}.Release|x64.ActiveCfg = Release|Any CPU
		{992AF846-C00D-4A84-8302-9F2D1E4BA178}.Release|x64.Build.0 = Release|Any CPU
		{992AF846-C00D-4A84-8302-9F2D1E4BA178}.Release|x86.ActiveCfg = Release|Any CPU
		{992AF846-C00D-4A84-8302-9F2D1E4BA178}.Release|x86.Build.0 = Release|Any CPU
		{DC4B2FCB-9166-42FB-A443-8EAF17FA8021}.Debug|Any CPU.ActiveCfg = Debug|Any CPU
		{DC4B2FCB-9166-42FB-A443-8EAF17FA8021}.Debug|Any CPU.Build.0 = Debug|Any CPU
		{DC4B2FCB-9166-42FB-A443-8EAF17FA8021}.Debug|x64.ActiveCfg = Debug|Any CPU
		{DC4B2FCB-9166-42FB-A443-8EAF17FA8021}.Debug|x64.Build.0 = Debug|Any CPU
		{DC4B2FCB-9166-42FB-A443-8EAF17FA8021}.Debug|x86.ActiveCfg = Debug|Any CPU
		{DC4B2FCB-9166-42FB-A443-8EAF17FA8021}.Debug|x86.Build.0 = Debug|Any CPU
		{DC4B2FCB-9166-42FB-A443-8EAF17FA8021}.Release|Any CPU.ActiveCfg = Release|Any CPU
		{DC4B2FCB-9166-42FB-A443-8EAF17FA8021}.Release|Any CPU.Build.0 = Release|Any CPU
		{DC4B2FCB-9166-42FB-A443-8EAF17FA8021}.Release|x64.ActiveCfg = Release|Any CPU
		{DC4B2FCB-9166-42FB-A443-8EAF17FA8021}.Release|x64.Build.0 = Release|Any CPU
		{DC4B2FCB-9166-42FB-A443-8EAF17FA8021}.Release|x86.ActiveCfg = Release|Any CPU
		{DC4B2FCB-9166-42FB-A443-8EAF17FA8021}.Release|x86.Build.0 = Release|Any CPU
		{9191719D-064A-4705-BD0A-2E6134C96039}.Debug|Any CPU.ActiveCfg = Debug|Any CPU
		{9191719D-064A-4705-BD0A-2E6134C96039}.Debug|Any CPU.Build.0 = Debug|Any CPU
		{9191719D-064A-4705-BD0A-2E6134C96039}.Debug|x64.ActiveCfg = Debug|Any CPU
		{9191719D-064A-4705-BD0A-2E6134C96039}.Debug|x64.Build.0 = Debug|Any CPU
		{9191719D-064A-4705-BD0A-2E6134C96039}.Debug|x86.ActiveCfg = Debug|Any CPU
		{9191719D-064A-4705-BD0A-2E6134C96039}.Debug|x86.Build.0 = Debug|Any CPU
		{9191719D-064A-4705-BD0A-2E6134C96039}.Release|Any CPU.ActiveCfg = Release|Any CPU
		{9191719D-064A-4705-BD0A-2E6134C96039}.Release|Any CPU.Build.0 = Release|Any CPU
		{9191719D-064A-4705-BD0A-2E6134C96039}.Release|x64.ActiveCfg = Release|Any CPU
		{9191719D-064A-4705-BD0A-2E6134C96039}.Release|x64.Build.0 = Release|Any CPU
		{9191719D-064A-4705-BD0A-2E6134C96039}.Release|x86.ActiveCfg = Release|Any CPU
		{9191719D-064A-4705-BD0A-2E6134C96039}.Release|x86.Build.0 = Release|Any CPU
		{CB5D0B05-5306-40F4-84A1-FD2892DBD3FA}.Debug|Any CPU.ActiveCfg = Debug|Any CPU
		{CB5D0B05-5306-40F4-84A1-FD2892DBD3FA}.Debug|Any CPU.Build.0 = Debug|Any CPU
		{CB5D0B05-5306-40F4-84A1-FD2892DBD3FA}.Debug|x64.ActiveCfg = Debug|Any CPU
		{CB5D0B05-5306-40F4-84A1-FD2892DBD3FA}.Debug|x64.Build.0 = Debug|Any CPU
		{CB5D0B05-5306-40F4-84A1-FD2892DBD3FA}.Debug|x86.ActiveCfg = Debug|Any CPU
		{CB5D0B05-5306-40F4-84A1-FD2892DBD3FA}.Debug|x86.Build.0 = Debug|Any CPU
		{CB5D0B05-5306-40F4-84A1-FD2892DBD3FA}.Release|Any CPU.ActiveCfg = Release|Any CPU
		{CB5D0B05-5306-40F4-84A1-FD2892DBD3FA}.Release|Any CPU.Build.0 = Release|Any CPU
		{CB5D0B05-5306-40F4-84A1-FD2892DBD3FA}.Release|x64.ActiveCfg = Release|Any CPU
		{CB5D0B05-5306-40F4-84A1-FD2892DBD3FA}.Release|x64.Build.0 = Release|Any CPU
		{CB5D0B05-5306-40F4-84A1-FD2892DBD3FA}.Release|x86.ActiveCfg = Release|Any CPU
		{CB5D0B05-5306-40F4-84A1-FD2892DBD3FA}.Release|x86.Build.0 = Release|Any CPU
		{A96342C5-4889-42E1-A36D-782F5D6956E8}.Debug|Any CPU.ActiveCfg = Debug|Any CPU
		{A96342C5-4889-42E1-A36D-782F5D6956E8}.Debug|Any CPU.Build.0 = Debug|Any CPU
		{A96342C5-4889-42E1-A36D-782F5D6956E8}.Debug|x64.ActiveCfg = Debug|Any CPU
		{A96342C5-4889-42E1-A36D-782F5D6956E8}.Debug|x64.Build.0 = Debug|Any CPU
		{A96342C5-4889-42E1-A36D-782F5D6956E8}.Debug|x86.ActiveCfg = Debug|Any CPU
		{A96342C5-4889-42E1-A36D-782F5D6956E8}.Debug|x86.Build.0 = Debug|Any CPU
		{A96342C5-4889-42E1-A36D-782F5D6956E8}.Release|Any CPU.ActiveCfg = Release|Any CPU
		{A96342C5-4889-42E1-A36D-782F5D6956E8}.Release|Any CPU.Build.0 = Release|Any CPU
		{A96342C5-4889-42E1-A36D-782F5D6956E8}.Release|x64.ActiveCfg = Release|Any CPU
		{A96342C5-4889-42E1-A36D-782F5D6956E8}.Release|x64.Build.0 = Release|Any CPU
		{A96342C5-4889-42E1-A36D-782F5D6956E8}.Release|x86.ActiveCfg = Release|Any CPU
		{A96342C5-4889-42E1-A36D-782F5D6956E8}.Release|x86.Build.0 = Release|Any CPU
		{9DFBBEEF-844B-41FE-9566-5E04495A41F3}.Debug|Any CPU.ActiveCfg = Debug|Any CPU
		{9DFBBEEF-844B-41FE-9566-5E04495A41F3}.Debug|Any CPU.Build.0 = Debug|Any CPU
		{9DFBBEEF-844B-41FE-9566-5E04495A41F3}.Debug|x64.ActiveCfg = Debug|Any CPU
		{9DFBBEEF-844B-41FE-9566-5E04495A41F3}.Debug|x64.Build.0 = Debug|Any CPU
		{9DFBBEEF-844B-41FE-9566-5E04495A41F3}.Debug|x86.ActiveCfg = Debug|Any CPU
		{9DFBBEEF-844B-41FE-9566-5E04495A41F3}.Debug|x86.Build.0 = Debug|Any CPU
		{9DFBBEEF-844B-41FE-9566-5E04495A41F3}.Release|Any CPU.ActiveCfg = Release|Any CPU
		{9DFBBEEF-844B-41FE-9566-5E04495A41F3}.Release|Any CPU.Build.0 = Release|Any CPU
		{9DFBBEEF-844B-41FE-9566-5E04495A41F3}.Release|x64.ActiveCfg = Release|Any CPU
		{9DFBBEEF-844B-41FE-9566-5E04495A41F3}.Release|x64.Build.0 = Release|Any CPU
		{9DFBBEEF-844B-41FE-9566-5E04495A41F3}.Release|x86.ActiveCfg = Release|Any CPU
		{9DFBBEEF-844B-41FE-9566-5E04495A41F3}.Release|x86.Build.0 = Release|Any CPU
		{07A9B1A4-0459-466A-8637-DCB4CCD21DB4}.Debug|Any CPU.ActiveCfg = Debug|Any CPU
		{07A9B1A4-0459-466A-8637-DCB4CCD21DB4}.Debug|Any CPU.Build.0 = Debug|Any CPU
		{07A9B1A4-0459-466A-8637-DCB4CCD21DB4}.Debug|x64.ActiveCfg = Debug|Any CPU
		{07A9B1A4-0459-466A-8637-DCB4CCD21DB4}.Debug|x64.Build.0 = Debug|Any CPU
		{07A9B1A4-0459-466A-8637-DCB4CCD21DB4}.Debug|x86.ActiveCfg = Debug|Any CPU
		{07A9B1A4-0459-466A-8637-DCB4CCD21DB4}.Debug|x86.Build.0 = Debug|Any CPU
		{07A9B1A4-0459-466A-8637-DCB4CCD21DB4}.Release|Any CPU.ActiveCfg = Release|Any CPU
		{07A9B1A4-0459-466A-8637-DCB4CCD21DB4}.Release|Any CPU.Build.0 = Release|Any CPU
		{07A9B1A4-0459-466A-8637-DCB4CCD21DB4}.Release|x64.ActiveCfg = Release|Any CPU
		{07A9B1A4-0459-466A-8637-DCB4CCD21DB4}.Release|x64.Build.0 = Release|Any CPU
		{07A9B1A4-0459-466A-8637-DCB4CCD21DB4}.Release|x86.ActiveCfg = Release|Any CPU
		{07A9B1A4-0459-466A-8637-DCB4CCD21DB4}.Release|x86.Build.0 = Release|Any CPU
		{7336D72B-C16C-4AA2-837C-0F9F1CCE6219}.Debug|Any CPU.ActiveCfg = Debug|Any CPU
		{7336D72B-C16C-4AA2-837C-0F9F1CCE6219}.Debug|Any CPU.Build.0 = Debug|Any CPU
		{7336D72B-C16C-4AA2-837C-0F9F1CCE6219}.Debug|x64.ActiveCfg = Debug|Any CPU
		{7336D72B-C16C-4AA2-837C-0F9F1CCE6219}.Debug|x64.Build.0 = Debug|Any CPU
		{7336D72B-C16C-4AA2-837C-0F9F1CCE6219}.Debug|x86.ActiveCfg = Debug|Any CPU
		{7336D72B-C16C-4AA2-837C-0F9F1CCE6219}.Debug|x86.Build.0 = Debug|Any CPU
		{7336D72B-C16C-4AA2-837C-0F9F1CCE6219}.Release|Any CPU.ActiveCfg = Release|Any CPU
		{7336D72B-C16C-4AA2-837C-0F9F1CCE6219}.Release|Any CPU.Build.0 = Release|Any CPU
		{7336D72B-C16C-4AA2-837C-0F9F1CCE6219}.Release|x64.ActiveCfg = Release|Any CPU
		{7336D72B-C16C-4AA2-837C-0F9F1CCE6219}.Release|x64.Build.0 = Release|Any CPU
		{7336D72B-C16C-4AA2-837C-0F9F1CCE6219}.Release|x86.ActiveCfg = Release|Any CPU
		{7336D72B-C16C-4AA2-837C-0F9F1CCE6219}.Release|x86.Build.0 = Release|Any CPU
		{E7235ADA-825A-46D3-A0DE-DF9E0DBD8F83}.Debug|Any CPU.ActiveCfg = Debug|Any CPU
		{E7235ADA-825A-46D3-A0DE-DF9E0DBD8F83}.Debug|Any CPU.Build.0 = Debug|Any CPU
		{E7235ADA-825A-46D3-A0DE-DF9E0DBD8F83}.Debug|x64.ActiveCfg = Debug|Any CPU
		{E7235ADA-825A-46D3-A0DE-DF9E0DBD8F83}.Debug|x64.Build.0 = Debug|Any CPU
		{E7235ADA-825A-46D3-A0DE-DF9E0DBD8F83}.Debug|x86.ActiveCfg = Debug|Any CPU
		{E7235ADA-825A-46D3-A0DE-DF9E0DBD8F83}.Debug|x86.Build.0 = Debug|Any CPU
		{E7235ADA-825A-46D3-A0DE-DF9E0DBD8F83}.Release|Any CPU.ActiveCfg = Release|Any CPU
		{E7235ADA-825A-46D3-A0DE-DF9E0DBD8F83}.Release|Any CPU.Build.0 = Release|Any CPU
		{E7235ADA-825A-46D3-A0DE-DF9E0DBD8F83}.Release|x64.ActiveCfg = Release|Any CPU
		{E7235ADA-825A-46D3-A0DE-DF9E0DBD8F83}.Release|x64.Build.0 = Release|Any CPU
		{E7235ADA-825A-46D3-A0DE-DF9E0DBD8F83}.Release|x86.ActiveCfg = Release|Any CPU
		{E7235ADA-825A-46D3-A0DE-DF9E0DBD8F83}.Release|x86.Build.0 = Release|Any CPU
		{73DB4F8A-8E35-4965-960E-686BE259BD79}.Debug|Any CPU.ActiveCfg = Debug|Any CPU
		{73DB4F8A-8E35-4965-960E-686BE259BD79}.Debug|Any CPU.Build.0 = Debug|Any CPU
		{73DB4F8A-8E35-4965-960E-686BE259BD79}.Debug|x64.ActiveCfg = Debug|Any CPU
		{73DB4F8A-8E35-4965-960E-686BE259BD79}.Debug|x64.Build.0 = Debug|Any CPU
		{73DB4F8A-8E35-4965-960E-686BE259BD79}.Debug|x86.ActiveCfg = Debug|Any CPU
		{73DB4F8A-8E35-4965-960E-686BE259BD79}.Debug|x86.Build.0 = Debug|Any CPU
		{73DB4F8A-8E35-4965-960E-686BE259BD79}.Release|Any CPU.ActiveCfg = Release|Any CPU
		{73DB4F8A-8E35-4965-960E-686BE259BD79}.Release|Any CPU.Build.0 = Release|Any CPU
		{73DB4F8A-8E35-4965-960E-686BE259BD79}.Release|x64.ActiveCfg = Release|Any CPU
		{73DB4F8A-8E35-4965-960E-686BE259BD79}.Release|x64.Build.0 = Release|Any CPU
		{73DB4F8A-8E35-4965-960E-686BE259BD79}.Release|x86.ActiveCfg = Release|Any CPU
		{73DB4F8A-8E35-4965-960E-686BE259BD79}.Release|x86.Build.0 = Release|Any CPU
		{0AE9D926-D717-4DA1-808F-FE6238EA2E1F}.Debug|Any CPU.ActiveCfg = Debug|Any CPU
		{0AE9D926-D717-4DA1-808F-FE6238EA2E1F}.Debug|Any CPU.Build.0 = Debug|Any CPU
		{0AE9D926-D717-4DA1-808F-FE6238EA2E1F}.Debug|x64.ActiveCfg = Debug|Any CPU
		{0AE9D926-D717-4DA1-808F-FE6238EA2E1F}.Debug|x64.Build.0 = Debug|Any CPU
		{0AE9D926-D717-4DA1-808F-FE6238EA2E1F}.Debug|x86.ActiveCfg = Debug|Any CPU
		{0AE9D926-D717-4DA1-808F-FE6238EA2E1F}.Debug|x86.Build.0 = Debug|Any CPU
		{0AE9D926-D717-4DA1-808F-FE6238EA2E1F}.Release|Any CPU.ActiveCfg = Release|Any CPU
		{0AE9D926-D717-4DA1-808F-FE6238EA2E1F}.Release|Any CPU.Build.0 = Release|Any CPU
		{0AE9D926-D717-4DA1-808F-FE6238EA2E1F}.Release|x64.ActiveCfg = Release|Any CPU
		{0AE9D926-D717-4DA1-808F-FE6238EA2E1F}.Release|x64.Build.0 = Release|Any CPU
		{0AE9D926-D717-4DA1-808F-FE6238EA2E1F}.Release|x86.ActiveCfg = Release|Any CPU
		{0AE9D926-D717-4DA1-808F-FE6238EA2E1F}.Release|x86.Build.0 = Release|Any CPU
		{B026D256-9DA7-4F67-9467-4E91F0FCFF80}.Debug|Any CPU.ActiveCfg = Debug|Any CPU
		{B026D256-9DA7-4F67-9467-4E91F0FCFF80}.Debug|Any CPU.Build.0 = Debug|Any CPU
		{B026D256-9DA7-4F67-9467-4E91F0FCFF80}.Debug|x64.ActiveCfg = Debug|Any CPU
		{B026D256-9DA7-4F67-9467-4E91F0FCFF80}.Debug|x64.Build.0 = Debug|Any CPU
		{B026D256-9DA7-4F67-9467-4E91F0FCFF80}.Debug|x86.ActiveCfg = Debug|Any CPU
		{B026D256-9DA7-4F67-9467-4E91F0FCFF80}.Debug|x86.Build.0 = Debug|Any CPU
		{B026D256-9DA7-4F67-9467-4E91F0FCFF80}.Release|Any CPU.ActiveCfg = Release|Any CPU
		{B026D256-9DA7-4F67-9467-4E91F0FCFF80}.Release|Any CPU.Build.0 = Release|Any CPU
		{B026D256-9DA7-4F67-9467-4E91F0FCFF80}.Release|x64.ActiveCfg = Release|Any CPU
		{B026D256-9DA7-4F67-9467-4E91F0FCFF80}.Release|x64.Build.0 = Release|Any CPU
		{B026D256-9DA7-4F67-9467-4E91F0FCFF80}.Release|x86.ActiveCfg = Release|Any CPU
		{B026D256-9DA7-4F67-9467-4E91F0FCFF80}.Release|x86.Build.0 = Release|Any CPU
		{5612B00D-9669-4583-ABE6-653FE1FB251E}.Debug|Any CPU.ActiveCfg = Debug|Any CPU
		{5612B00D-9669-4583-ABE6-653FE1FB251E}.Debug|Any CPU.Build.0 = Debug|Any CPU
		{5612B00D-9669-4583-ABE6-653FE1FB251E}.Debug|x64.ActiveCfg = Debug|Any CPU
		{5612B00D-9669-4583-ABE6-653FE1FB251E}.Debug|x64.Build.0 = Debug|Any CPU
		{5612B00D-9669-4583-ABE6-653FE1FB251E}.Debug|x86.ActiveCfg = Debug|Any CPU
		{5612B00D-9669-4583-ABE6-653FE1FB251E}.Debug|x86.Build.0 = Debug|Any CPU
		{5612B00D-9669-4583-ABE6-653FE1FB251E}.Release|Any CPU.ActiveCfg = Release|Any CPU
		{5612B00D-9669-4583-ABE6-653FE1FB251E}.Release|Any CPU.Build.0 = Release|Any CPU
		{5612B00D-9669-4583-ABE6-653FE1FB251E}.Release|x64.ActiveCfg = Release|Any CPU
		{5612B00D-9669-4583-ABE6-653FE1FB251E}.Release|x64.Build.0 = Release|Any CPU
		{5612B00D-9669-4583-ABE6-653FE1FB251E}.Release|x86.ActiveCfg = Release|Any CPU
		{5612B00D-9669-4583-ABE6-653FE1FB251E}.Release|x86.Build.0 = Release|Any CPU
		{D884F12F-EA8A-4092-B4D9-D348D4B3A5A8}.Debug|Any CPU.ActiveCfg = Debug|Any CPU
		{D884F12F-EA8A-4092-B4D9-D348D4B3A5A8}.Debug|Any CPU.Build.0 = Debug|Any CPU
		{D884F12F-EA8A-4092-B4D9-D348D4B3A5A8}.Debug|x64.ActiveCfg = Debug|Any CPU
		{D884F12F-EA8A-4092-B4D9-D348D4B3A5A8}.Debug|x64.Build.0 = Debug|Any CPU
		{D884F12F-EA8A-4092-B4D9-D348D4B3A5A8}.Debug|x86.ActiveCfg = Debug|Any CPU
		{D884F12F-EA8A-4092-B4D9-D348D4B3A5A8}.Debug|x86.Build.0 = Debug|Any CPU
		{D884F12F-EA8A-4092-B4D9-D348D4B3A5A8}.Release|Any CPU.ActiveCfg = Release|Any CPU
		{D884F12F-EA8A-4092-B4D9-D348D4B3A5A8}.Release|Any CPU.Build.0 = Release|Any CPU
		{D884F12F-EA8A-4092-B4D9-D348D4B3A5A8}.Release|x64.ActiveCfg = Release|Any CPU
		{D884F12F-EA8A-4092-B4D9-D348D4B3A5A8}.Release|x64.Build.0 = Release|Any CPU
		{D884F12F-EA8A-4092-B4D9-D348D4B3A5A8}.Release|x86.ActiveCfg = Release|Any CPU
		{D884F12F-EA8A-4092-B4D9-D348D4B3A5A8}.Release|x86.Build.0 = Release|Any CPU
		{69279736-2262-4A74-8077-27DF7C25D504}.Debug|Any CPU.ActiveCfg = Debug|Any CPU
		{69279736-2262-4A74-8077-27DF7C25D504}.Debug|Any CPU.Build.0 = Debug|Any CPU
		{69279736-2262-4A74-8077-27DF7C25D504}.Debug|x64.ActiveCfg = Debug|Any CPU
		{69279736-2262-4A74-8077-27DF7C25D504}.Debug|x64.Build.0 = Debug|Any CPU
		{69279736-2262-4A74-8077-27DF7C25D504}.Debug|x86.ActiveCfg = Debug|Any CPU
		{69279736-2262-4A74-8077-27DF7C25D504}.Debug|x86.Build.0 = Debug|Any CPU
		{69279736-2262-4A74-8077-27DF7C25D504}.Release|Any CPU.ActiveCfg = Release|Any CPU
		{69279736-2262-4A74-8077-27DF7C25D504}.Release|Any CPU.Build.0 = Release|Any CPU
		{69279736-2262-4A74-8077-27DF7C25D504}.Release|x64.ActiveCfg = Release|Any CPU
		{69279736-2262-4A74-8077-27DF7C25D504}.Release|x64.Build.0 = Release|Any CPU
		{69279736-2262-4A74-8077-27DF7C25D504}.Release|x86.ActiveCfg = Release|Any CPU
		{69279736-2262-4A74-8077-27DF7C25D504}.Release|x86.Build.0 = Release|Any CPU
		{8C36DA2A-440A-4948-B016-ED39E6AE85B5}.Debug|Any CPU.ActiveCfg = Debug|Any CPU
		{8C36DA2A-440A-4948-B016-ED39E6AE85B5}.Debug|Any CPU.Build.0 = Debug|Any CPU
		{8C36DA2A-440A-4948-B016-ED39E6AE85B5}.Debug|x64.ActiveCfg = Debug|Any CPU
		{8C36DA2A-440A-4948-B016-ED39E6AE85B5}.Debug|x64.Build.0 = Debug|Any CPU
		{8C36DA2A-440A-4948-B016-ED39E6AE85B5}.Debug|x86.ActiveCfg = Debug|Any CPU
		{8C36DA2A-440A-4948-B016-ED39E6AE85B5}.Debug|x86.Build.0 = Debug|Any CPU
		{8C36DA2A-440A-4948-B016-ED39E6AE85B5}.Release|Any CPU.ActiveCfg = Release|Any CPU
		{8C36DA2A-440A-4948-B016-ED39E6AE85B5}.Release|Any CPU.Build.0 = Release|Any CPU
		{8C36DA2A-440A-4948-B016-ED39E6AE85B5}.Release|x64.ActiveCfg = Release|Any CPU
		{8C36DA2A-440A-4948-B016-ED39E6AE85B5}.Release|x64.Build.0 = Release|Any CPU
		{8C36DA2A-440A-4948-B016-ED39E6AE85B5}.Release|x86.ActiveCfg = Release|Any CPU
		{8C36DA2A-440A-4948-B016-ED39E6AE85B5}.Release|x86.Build.0 = Release|Any CPU
		{7EF8CC7A-2360-4A13-8912-7C9AA9AB57A6}.Debug|Any CPU.ActiveCfg = Debug|Any CPU
		{7EF8CC7A-2360-4A13-8912-7C9AA9AB57A6}.Debug|Any CPU.Build.0 = Debug|Any CPU
		{7EF8CC7A-2360-4A13-8912-7C9AA9AB57A6}.Debug|x64.ActiveCfg = Debug|Any CPU
		{7EF8CC7A-2360-4A13-8912-7C9AA9AB57A6}.Debug|x64.Build.0 = Debug|Any CPU
		{7EF8CC7A-2360-4A13-8912-7C9AA9AB57A6}.Debug|x86.ActiveCfg = Debug|Any CPU
		{7EF8CC7A-2360-4A13-8912-7C9AA9AB57A6}.Debug|x86.Build.0 = Debug|Any CPU
		{7EF8CC7A-2360-4A13-8912-7C9AA9AB57A6}.Release|Any CPU.ActiveCfg = Release|Any CPU
		{7EF8CC7A-2360-4A13-8912-7C9AA9AB57A6}.Release|Any CPU.Build.0 = Release|Any CPU
		{7EF8CC7A-2360-4A13-8912-7C9AA9AB57A6}.Release|x64.ActiveCfg = Release|Any CPU
		{7EF8CC7A-2360-4A13-8912-7C9AA9AB57A6}.Release|x64.Build.0 = Release|Any CPU
		{7EF8CC7A-2360-4A13-8912-7C9AA9AB57A6}.Release|x86.ActiveCfg = Release|Any CPU
		{7EF8CC7A-2360-4A13-8912-7C9AA9AB57A6}.Release|x86.Build.0 = Release|Any CPU
		{9BDC7EA8-B2D5-421F-BD2D-06815E9B001F}.Debug|Any CPU.ActiveCfg = Debug|Any CPU
		{9BDC7EA8-B2D5-421F-BD2D-06815E9B001F}.Debug|Any CPU.Build.0 = Debug|Any CPU
		{9BDC7EA8-B2D5-421F-BD2D-06815E9B001F}.Debug|x64.ActiveCfg = Debug|Any CPU
		{9BDC7EA8-B2D5-421F-BD2D-06815E9B001F}.Debug|x64.Build.0 = Debug|Any CPU
		{9BDC7EA8-B2D5-421F-BD2D-06815E9B001F}.Debug|x86.ActiveCfg = Debug|Any CPU
		{9BDC7EA8-B2D5-421F-BD2D-06815E9B001F}.Debug|x86.Build.0 = Debug|Any CPU
		{9BDC7EA8-B2D5-421F-BD2D-06815E9B001F}.Release|Any CPU.ActiveCfg = Release|Any CPU
		{9BDC7EA8-B2D5-421F-BD2D-06815E9B001F}.Release|Any CPU.Build.0 = Release|Any CPU
		{9BDC7EA8-B2D5-421F-BD2D-06815E9B001F}.Release|x64.ActiveCfg = Release|Any CPU
		{9BDC7EA8-B2D5-421F-BD2D-06815E9B001F}.Release|x64.Build.0 = Release|Any CPU
		{9BDC7EA8-B2D5-421F-BD2D-06815E9B001F}.Release|x86.ActiveCfg = Release|Any CPU
		{9BDC7EA8-B2D5-421F-BD2D-06815E9B001F}.Release|x86.Build.0 = Release|Any CPU
		{BBE1F1A6-D133-47DC-8005-4BD4CECB7C4E}.Debug|Any CPU.ActiveCfg = Debug|Any CPU
		{BBE1F1A6-D133-47DC-8005-4BD4CECB7C4E}.Debug|Any CPU.Build.0 = Debug|Any CPU
		{BBE1F1A6-D133-47DC-8005-4BD4CECB7C4E}.Debug|x64.ActiveCfg = Debug|Any CPU
		{BBE1F1A6-D133-47DC-8005-4BD4CECB7C4E}.Debug|x64.Build.0 = Debug|Any CPU
		{BBE1F1A6-D133-47DC-8005-4BD4CECB7C4E}.Debug|x86.ActiveCfg = Debug|Any CPU
		{BBE1F1A6-D133-47DC-8005-4BD4CECB7C4E}.Debug|x86.Build.0 = Debug|Any CPU
		{BBE1F1A6-D133-47DC-8005-4BD4CECB7C4E}.Release|Any CPU.ActiveCfg = Release|Any CPU
		{BBE1F1A6-D133-47DC-8005-4BD4CECB7C4E}.Release|Any CPU.Build.0 = Release|Any CPU
		{BBE1F1A6-D133-47DC-8005-4BD4CECB7C4E}.Release|x64.ActiveCfg = Release|Any CPU
		{BBE1F1A6-D133-47DC-8005-4BD4CECB7C4E}.Release|x64.Build.0 = Release|Any CPU
		{BBE1F1A6-D133-47DC-8005-4BD4CECB7C4E}.Release|x86.ActiveCfg = Release|Any CPU
		{BBE1F1A6-D133-47DC-8005-4BD4CECB7C4E}.Release|x86.Build.0 = Release|Any CPU
		{B5A7F37A-1F76-4466-8C56-4510F7203A9F}.Debug|Any CPU.ActiveCfg = Debug|Any CPU
		{B5A7F37A-1F76-4466-8C56-4510F7203A9F}.Debug|Any CPU.Build.0 = Debug|Any CPU
		{B5A7F37A-1F76-4466-8C56-4510F7203A9F}.Debug|x64.ActiveCfg = Debug|Any CPU
		{B5A7F37A-1F76-4466-8C56-4510F7203A9F}.Debug|x64.Build.0 = Debug|Any CPU
		{B5A7F37A-1F76-4466-8C56-4510F7203A9F}.Debug|x86.ActiveCfg = Debug|Any CPU
		{B5A7F37A-1F76-4466-8C56-4510F7203A9F}.Debug|x86.Build.0 = Debug|Any CPU
		{B5A7F37A-1F76-4466-8C56-4510F7203A9F}.Release|Any CPU.ActiveCfg = Release|Any CPU
		{B5A7F37A-1F76-4466-8C56-4510F7203A9F}.Release|Any CPU.Build.0 = Release|Any CPU
		{B5A7F37A-1F76-4466-8C56-4510F7203A9F}.Release|x64.ActiveCfg = Release|Any CPU
		{B5A7F37A-1F76-4466-8C56-4510F7203A9F}.Release|x64.Build.0 = Release|Any CPU
		{B5A7F37A-1F76-4466-8C56-4510F7203A9F}.Release|x86.ActiveCfg = Release|Any CPU
		{B5A7F37A-1F76-4466-8C56-4510F7203A9F}.Release|x86.Build.0 = Release|Any CPU
		{1E6C38B5-6D55-4C51-B2E9-7D3B20593D5C}.Debug|Any CPU.ActiveCfg = Debug|Any CPU
		{1E6C38B5-6D55-4C51-B2E9-7D3B20593D5C}.Debug|Any CPU.Build.0 = Debug|Any CPU
		{1E6C38B5-6D55-4C51-B2E9-7D3B20593D5C}.Debug|x64.ActiveCfg = Debug|Any CPU
		{1E6C38B5-6D55-4C51-B2E9-7D3B20593D5C}.Debug|x64.Build.0 = Debug|Any CPU
		{1E6C38B5-6D55-4C51-B2E9-7D3B20593D5C}.Debug|x86.ActiveCfg = Debug|Any CPU
		{1E6C38B5-6D55-4C51-B2E9-7D3B20593D5C}.Debug|x86.Build.0 = Debug|Any CPU
		{1E6C38B5-6D55-4C51-B2E9-7D3B20593D5C}.Release|Any CPU.ActiveCfg = Release|Any CPU
		{1E6C38B5-6D55-4C51-B2E9-7D3B20593D5C}.Release|Any CPU.Build.0 = Release|Any CPU
		{1E6C38B5-6D55-4C51-B2E9-7D3B20593D5C}.Release|x64.ActiveCfg = Release|Any CPU
		{1E6C38B5-6D55-4C51-B2E9-7D3B20593D5C}.Release|x64.Build.0 = Release|Any CPU
		{1E6C38B5-6D55-4C51-B2E9-7D3B20593D5C}.Release|x86.ActiveCfg = Release|Any CPU
		{1E6C38B5-6D55-4C51-B2E9-7D3B20593D5C}.Release|x86.Build.0 = Release|Any CPU
		{CB307390-7C6F-4866-A027-638922D03D41}.Debug|Any CPU.ActiveCfg = Debug|Any CPU
		{CB307390-7C6F-4866-A027-638922D03D41}.Debug|Any CPU.Build.0 = Debug|Any CPU
		{CB307390-7C6F-4866-A027-638922D03D41}.Debug|x64.ActiveCfg = Debug|Any CPU
		{CB307390-7C6F-4866-A027-638922D03D41}.Debug|x64.Build.0 = Debug|Any CPU
		{CB307390-7C6F-4866-A027-638922D03D41}.Debug|x86.ActiveCfg = Debug|Any CPU
		{CB307390-7C6F-4866-A027-638922D03D41}.Debug|x86.Build.0 = Debug|Any CPU
		{CB307390-7C6F-4866-A027-638922D03D41}.Release|Any CPU.ActiveCfg = Release|Any CPU
		{CB307390-7C6F-4866-A027-638922D03D41}.Release|Any CPU.Build.0 = Release|Any CPU
		{CB307390-7C6F-4866-A027-638922D03D41}.Release|x64.ActiveCfg = Release|Any CPU
		{CB307390-7C6F-4866-A027-638922D03D41}.Release|x64.Build.0 = Release|Any CPU
		{CB307390-7C6F-4866-A027-638922D03D41}.Release|x86.ActiveCfg = Release|Any CPU
		{CB307390-7C6F-4866-A027-638922D03D41}.Release|x86.Build.0 = Release|Any CPU
		{F9540804-7443-4120-A2E3-2C55E0C4D360}.Debug|Any CPU.ActiveCfg = Debug|Any CPU
		{F9540804-7443-4120-A2E3-2C55E0C4D360}.Debug|Any CPU.Build.0 = Debug|Any CPU
		{F9540804-7443-4120-A2E3-2C55E0C4D360}.Debug|x64.ActiveCfg = Debug|Any CPU
		{F9540804-7443-4120-A2E3-2C55E0C4D360}.Debug|x64.Build.0 = Debug|Any CPU
		{F9540804-7443-4120-A2E3-2C55E0C4D360}.Debug|x86.ActiveCfg = Debug|Any CPU
		{F9540804-7443-4120-A2E3-2C55E0C4D360}.Debug|x86.Build.0 = Debug|Any CPU
		{F9540804-7443-4120-A2E3-2C55E0C4D360}.Release|Any CPU.ActiveCfg = Release|Any CPU
		{F9540804-7443-4120-A2E3-2C55E0C4D360}.Release|Any CPU.Build.0 = Release|Any CPU
		{F9540804-7443-4120-A2E3-2C55E0C4D360}.Release|x64.ActiveCfg = Release|Any CPU
		{F9540804-7443-4120-A2E3-2C55E0C4D360}.Release|x64.Build.0 = Release|Any CPU
		{F9540804-7443-4120-A2E3-2C55E0C4D360}.Release|x86.ActiveCfg = Release|Any CPU
		{F9540804-7443-4120-A2E3-2C55E0C4D360}.Release|x86.Build.0 = Release|Any CPU
		{1DFE789C-3BEF-42B0-B26A-579587E4F334}.Debug|Any CPU.ActiveCfg = Debug|Any CPU
		{1DFE789C-3BEF-42B0-B26A-579587E4F334}.Debug|Any CPU.Build.0 = Debug|Any CPU
		{1DFE789C-3BEF-42B0-B26A-579587E4F334}.Debug|x64.ActiveCfg = Debug|Any CPU
		{1DFE789C-3BEF-42B0-B26A-579587E4F334}.Debug|x64.Build.0 = Debug|Any CPU
		{1DFE789C-3BEF-42B0-B26A-579587E4F334}.Debug|x86.ActiveCfg = Debug|Any CPU
		{1DFE789C-3BEF-42B0-B26A-579587E4F334}.Debug|x86.Build.0 = Debug|Any CPU
		{1DFE789C-3BEF-42B0-B26A-579587E4F334}.Release|Any CPU.ActiveCfg = Release|Any CPU
		{1DFE789C-3BEF-42B0-B26A-579587E4F334}.Release|Any CPU.Build.0 = Release|Any CPU
		{1DFE789C-3BEF-42B0-B26A-579587E4F334}.Release|x64.ActiveCfg = Release|Any CPU
		{1DFE789C-3BEF-42B0-B26A-579587E4F334}.Release|x64.Build.0 = Release|Any CPU
		{1DFE789C-3BEF-42B0-B26A-579587E4F334}.Release|x86.ActiveCfg = Release|Any CPU
		{1DFE789C-3BEF-42B0-B26A-579587E4F334}.Release|x86.Build.0 = Release|Any CPU
		{F02A8105-9C7D-4E33-95A6-E9F21ED52ACE}.Debug|Any CPU.ActiveCfg = Debug|Any CPU
		{F02A8105-9C7D-4E33-95A6-E9F21ED52ACE}.Debug|Any CPU.Build.0 = Debug|Any CPU
		{F02A8105-9C7D-4E33-95A6-E9F21ED52ACE}.Debug|x64.ActiveCfg = Debug|Any CPU
		{F02A8105-9C7D-4E33-95A6-E9F21ED52ACE}.Debug|x64.Build.0 = Debug|Any CPU
		{F02A8105-9C7D-4E33-95A6-E9F21ED52ACE}.Debug|x86.ActiveCfg = Debug|Any CPU
		{F02A8105-9C7D-4E33-95A6-E9F21ED52ACE}.Debug|x86.Build.0 = Debug|Any CPU
		{F02A8105-9C7D-4E33-95A6-E9F21ED52ACE}.Release|Any CPU.ActiveCfg = Release|Any CPU
		{F02A8105-9C7D-4E33-95A6-E9F21ED52ACE}.Release|Any CPU.Build.0 = Release|Any CPU
		{F02A8105-9C7D-4E33-95A6-E9F21ED52ACE}.Release|x64.ActiveCfg = Release|Any CPU
		{F02A8105-9C7D-4E33-95A6-E9F21ED52ACE}.Release|x64.Build.0 = Release|Any CPU
		{F02A8105-9C7D-4E33-95A6-E9F21ED52ACE}.Release|x86.ActiveCfg = Release|Any CPU
		{F02A8105-9C7D-4E33-95A6-E9F21ED52ACE}.Release|x86.Build.0 = Release|Any CPU
		{CE0A2E79-6D74-4F47-98BC-E214FB9FB917}.Debug|Any CPU.ActiveCfg = Debug|Any CPU
		{CE0A2E79-6D74-4F47-98BC-E214FB9FB917}.Debug|Any CPU.Build.0 = Debug|Any CPU
		{CE0A2E79-6D74-4F47-98BC-E214FB9FB917}.Debug|x64.ActiveCfg = Debug|Any CPU
		{CE0A2E79-6D74-4F47-98BC-E214FB9FB917}.Debug|x64.Build.0 = Debug|Any CPU
		{CE0A2E79-6D74-4F47-98BC-E214FB9FB917}.Debug|x86.ActiveCfg = Debug|Any CPU
		{CE0A2E79-6D74-4F47-98BC-E214FB9FB917}.Debug|x86.Build.0 = Debug|Any CPU
		{CE0A2E79-6D74-4F47-98BC-E214FB9FB917}.Release|Any CPU.ActiveCfg = Release|Any CPU
		{CE0A2E79-6D74-4F47-98BC-E214FB9FB917}.Release|Any CPU.Build.0 = Release|Any CPU
		{CE0A2E79-6D74-4F47-98BC-E214FB9FB917}.Release|x64.ActiveCfg = Release|Any CPU
		{CE0A2E79-6D74-4F47-98BC-E214FB9FB917}.Release|x64.Build.0 = Release|Any CPU
		{CE0A2E79-6D74-4F47-98BC-E214FB9FB917}.Release|x86.ActiveCfg = Release|Any CPU
		{CE0A2E79-6D74-4F47-98BC-E214FB9FB917}.Release|x86.Build.0 = Release|Any CPU
		{855B6B34-8D42-4497-B612-C52A1FFADAA0}.Debug|Any CPU.ActiveCfg = Debug|Any CPU
		{855B6B34-8D42-4497-B612-C52A1FFADAA0}.Debug|Any CPU.Build.0 = Debug|Any CPU
		{855B6B34-8D42-4497-B612-C52A1FFADAA0}.Debug|x64.ActiveCfg = Debug|Any CPU
		{855B6B34-8D42-4497-B612-C52A1FFADAA0}.Debug|x64.Build.0 = Debug|Any CPU
		{855B6B34-8D42-4497-B612-C52A1FFADAA0}.Debug|x86.ActiveCfg = Debug|Any CPU
		{855B6B34-8D42-4497-B612-C52A1FFADAA0}.Debug|x86.Build.0 = Debug|Any CPU
		{855B6B34-8D42-4497-B612-C52A1FFADAA0}.Release|Any CPU.ActiveCfg = Release|Any CPU
		{855B6B34-8D42-4497-B612-C52A1FFADAA0}.Release|Any CPU.Build.0 = Release|Any CPU
		{855B6B34-8D42-4497-B612-C52A1FFADAA0}.Release|x64.ActiveCfg = Release|Any CPU
		{855B6B34-8D42-4497-B612-C52A1FFADAA0}.Release|x64.Build.0 = Release|Any CPU
		{855B6B34-8D42-4497-B612-C52A1FFADAA0}.Release|x86.ActiveCfg = Release|Any CPU
		{855B6B34-8D42-4497-B612-C52A1FFADAA0}.Release|x86.Build.0 = Release|Any CPU
		{20873689-F6E1-4EDE-978E-EC4F9F5A76C9}.Debug|Any CPU.ActiveCfg = Debug|Any CPU
		{20873689-F6E1-4EDE-978E-EC4F9F5A76C9}.Debug|Any CPU.Build.0 = Debug|Any CPU
		{20873689-F6E1-4EDE-978E-EC4F9F5A76C9}.Debug|x64.ActiveCfg = Debug|Any CPU
		{20873689-F6E1-4EDE-978E-EC4F9F5A76C9}.Debug|x64.Build.0 = Debug|Any CPU
		{20873689-F6E1-4EDE-978E-EC4F9F5A76C9}.Debug|x86.ActiveCfg = Debug|Any CPU
		{20873689-F6E1-4EDE-978E-EC4F9F5A76C9}.Debug|x86.Build.0 = Debug|Any CPU
		{20873689-F6E1-4EDE-978E-EC4F9F5A76C9}.Release|Any CPU.ActiveCfg = Release|Any CPU
		{20873689-F6E1-4EDE-978E-EC4F9F5A76C9}.Release|Any CPU.Build.0 = Release|Any CPU
		{20873689-F6E1-4EDE-978E-EC4F9F5A76C9}.Release|x64.ActiveCfg = Release|Any CPU
		{20873689-F6E1-4EDE-978E-EC4F9F5A76C9}.Release|x64.Build.0 = Release|Any CPU
		{20873689-F6E1-4EDE-978E-EC4F9F5A76C9}.Release|x86.ActiveCfg = Release|Any CPU
		{20873689-F6E1-4EDE-978E-EC4F9F5A76C9}.Release|x86.Build.0 = Release|Any CPU
		{BAE969A6-834C-4FC0-B3F1-54A1A3C75E76}.Debug|Any CPU.ActiveCfg = Debug|Any CPU
		{BAE969A6-834C-4FC0-B3F1-54A1A3C75E76}.Debug|Any CPU.Build.0 = Debug|Any CPU
		{BAE969A6-834C-4FC0-B3F1-54A1A3C75E76}.Debug|x64.ActiveCfg = Debug|Any CPU
		{BAE969A6-834C-4FC0-B3F1-54A1A3C75E76}.Debug|x64.Build.0 = Debug|Any CPU
		{BAE969A6-834C-4FC0-B3F1-54A1A3C75E76}.Debug|x86.ActiveCfg = Debug|Any CPU
		{BAE969A6-834C-4FC0-B3F1-54A1A3C75E76}.Debug|x86.Build.0 = Debug|Any CPU
		{BAE969A6-834C-4FC0-B3F1-54A1A3C75E76}.Release|Any CPU.ActiveCfg = Release|Any CPU
		{BAE969A6-834C-4FC0-B3F1-54A1A3C75E76}.Release|Any CPU.Build.0 = Release|Any CPU
		{BAE969A6-834C-4FC0-B3F1-54A1A3C75E76}.Release|x64.ActiveCfg = Release|Any CPU
		{BAE969A6-834C-4FC0-B3F1-54A1A3C75E76}.Release|x64.Build.0 = Release|Any CPU
		{BAE969A6-834C-4FC0-B3F1-54A1A3C75E76}.Release|x86.ActiveCfg = Release|Any CPU
		{BAE969A6-834C-4FC0-B3F1-54A1A3C75E76}.Release|x86.Build.0 = Release|Any CPU
		{21D040AF-73D6-469D-8AA0-8FDCB2D7AD31}.Debug|Any CPU.ActiveCfg = Debug|Any CPU
		{21D040AF-73D6-469D-8AA0-8FDCB2D7AD31}.Debug|Any CPU.Build.0 = Debug|Any CPU
		{21D040AF-73D6-469D-8AA0-8FDCB2D7AD31}.Debug|x64.ActiveCfg = Debug|Any CPU
		{21D040AF-73D6-469D-8AA0-8FDCB2D7AD31}.Debug|x64.Build.0 = Debug|Any CPU
		{21D040AF-73D6-469D-8AA0-8FDCB2D7AD31}.Debug|x86.ActiveCfg = Debug|Any CPU
		{21D040AF-73D6-469D-8AA0-8FDCB2D7AD31}.Debug|x86.Build.0 = Debug|Any CPU
		{21D040AF-73D6-469D-8AA0-8FDCB2D7AD31}.Release|Any CPU.ActiveCfg = Release|Any CPU
		{21D040AF-73D6-469D-8AA0-8FDCB2D7AD31}.Release|Any CPU.Build.0 = Release|Any CPU
		{21D040AF-73D6-469D-8AA0-8FDCB2D7AD31}.Release|x64.ActiveCfg = Release|Any CPU
		{21D040AF-73D6-469D-8AA0-8FDCB2D7AD31}.Release|x64.Build.0 = Release|Any CPU
		{21D040AF-73D6-469D-8AA0-8FDCB2D7AD31}.Release|x86.ActiveCfg = Release|Any CPU
		{21D040AF-73D6-469D-8AA0-8FDCB2D7AD31}.Release|x86.Build.0 = Release|Any CPU
		{84F27E7B-9D00-4A7A-B06A-DE353594D3D6}.Debug|Any CPU.ActiveCfg = Debug|Any CPU
		{84F27E7B-9D00-4A7A-B06A-DE353594D3D6}.Debug|Any CPU.Build.0 = Debug|Any CPU
		{84F27E7B-9D00-4A7A-B06A-DE353594D3D6}.Debug|x64.ActiveCfg = Debug|Any CPU
		{84F27E7B-9D00-4A7A-B06A-DE353594D3D6}.Debug|x64.Build.0 = Debug|Any CPU
		{84F27E7B-9D00-4A7A-B06A-DE353594D3D6}.Debug|x86.ActiveCfg = Debug|Any CPU
		{84F27E7B-9D00-4A7A-B06A-DE353594D3D6}.Debug|x86.Build.0 = Debug|Any CPU
		{84F27E7B-9D00-4A7A-B06A-DE353594D3D6}.Release|Any CPU.ActiveCfg = Release|Any CPU
		{84F27E7B-9D00-4A7A-B06A-DE353594D3D6}.Release|Any CPU.Build.0 = Release|Any CPU
		{84F27E7B-9D00-4A7A-B06A-DE353594D3D6}.Release|x64.ActiveCfg = Release|Any CPU
		{84F27E7B-9D00-4A7A-B06A-DE353594D3D6}.Release|x64.Build.0 = Release|Any CPU
		{84F27E7B-9D00-4A7A-B06A-DE353594D3D6}.Release|x86.ActiveCfg = Release|Any CPU
		{84F27E7B-9D00-4A7A-B06A-DE353594D3D6}.Release|x86.Build.0 = Release|Any CPU
		{880F1EA7-0DDE-42B3-93FF-E44261757DA9}.Debug|Any CPU.ActiveCfg = Debug|Any CPU
		{880F1EA7-0DDE-42B3-93FF-E44261757DA9}.Debug|Any CPU.Build.0 = Debug|Any CPU
		{880F1EA7-0DDE-42B3-93FF-E44261757DA9}.Debug|x64.ActiveCfg = Debug|Any CPU
		{880F1EA7-0DDE-42B3-93FF-E44261757DA9}.Debug|x64.Build.0 = Debug|Any CPU
		{880F1EA7-0DDE-42B3-93FF-E44261757DA9}.Debug|x86.ActiveCfg = Debug|Any CPU
		{880F1EA7-0DDE-42B3-93FF-E44261757DA9}.Debug|x86.Build.0 = Debug|Any CPU
		{880F1EA7-0DDE-42B3-93FF-E44261757DA9}.Release|Any CPU.ActiveCfg = Release|Any CPU
		{880F1EA7-0DDE-42B3-93FF-E44261757DA9}.Release|Any CPU.Build.0 = Release|Any CPU
		{880F1EA7-0DDE-42B3-93FF-E44261757DA9}.Release|x64.ActiveCfg = Release|Any CPU
		{880F1EA7-0DDE-42B3-93FF-E44261757DA9}.Release|x64.Build.0 = Release|Any CPU
		{880F1EA7-0DDE-42B3-93FF-E44261757DA9}.Release|x86.ActiveCfg = Release|Any CPU
		{880F1EA7-0DDE-42B3-93FF-E44261757DA9}.Release|x86.Build.0 = Release|Any CPU
		{D74BA9F4-7422-4727-BA24-873EF63A52A7}.Debug|Any CPU.ActiveCfg = Debug|Any CPU
		{D74BA9F4-7422-4727-BA24-873EF63A52A7}.Debug|Any CPU.Build.0 = Debug|Any CPU
		{D74BA9F4-7422-4727-BA24-873EF63A52A7}.Debug|x64.ActiveCfg = Debug|Any CPU
		{D74BA9F4-7422-4727-BA24-873EF63A52A7}.Debug|x64.Build.0 = Debug|Any CPU
		{D74BA9F4-7422-4727-BA24-873EF63A52A7}.Debug|x86.ActiveCfg = Debug|Any CPU
		{D74BA9F4-7422-4727-BA24-873EF63A52A7}.Debug|x86.Build.0 = Debug|Any CPU
		{D74BA9F4-7422-4727-BA24-873EF63A52A7}.Release|Any CPU.ActiveCfg = Release|Any CPU
		{D74BA9F4-7422-4727-BA24-873EF63A52A7}.Release|Any CPU.Build.0 = Release|Any CPU
		{D74BA9F4-7422-4727-BA24-873EF63A52A7}.Release|x64.ActiveCfg = Release|Any CPU
		{D74BA9F4-7422-4727-BA24-873EF63A52A7}.Release|x64.Build.0 = Release|Any CPU
		{D74BA9F4-7422-4727-BA24-873EF63A52A7}.Release|x86.ActiveCfg = Release|Any CPU
		{D74BA9F4-7422-4727-BA24-873EF63A52A7}.Release|x86.Build.0 = Release|Any CPU
		{91BDF1EA-D92C-422C-A26D-B10D7C33E9E8}.Debug|Any CPU.ActiveCfg = Debug|Any CPU
		{91BDF1EA-D92C-422C-A26D-B10D7C33E9E8}.Debug|Any CPU.Build.0 = Debug|Any CPU
		{91BDF1EA-D92C-422C-A26D-B10D7C33E9E8}.Debug|x64.ActiveCfg = Debug|Any CPU
		{91BDF1EA-D92C-422C-A26D-B10D7C33E9E8}.Debug|x64.Build.0 = Debug|Any CPU
		{91BDF1EA-D92C-422C-A26D-B10D7C33E9E8}.Debug|x86.ActiveCfg = Debug|Any CPU
		{91BDF1EA-D92C-422C-A26D-B10D7C33E9E8}.Debug|x86.Build.0 = Debug|Any CPU
		{91BDF1EA-D92C-422C-A26D-B10D7C33E9E8}.Release|Any CPU.ActiveCfg = Release|Any CPU
		{91BDF1EA-D92C-422C-A26D-B10D7C33E9E8}.Release|Any CPU.Build.0 = Release|Any CPU
		{91BDF1EA-D92C-422C-A26D-B10D7C33E9E8}.Release|x64.ActiveCfg = Release|Any CPU
		{91BDF1EA-D92C-422C-A26D-B10D7C33E9E8}.Release|x64.Build.0 = Release|Any CPU
		{91BDF1EA-D92C-422C-A26D-B10D7C33E9E8}.Release|x86.ActiveCfg = Release|Any CPU
		{91BDF1EA-D92C-422C-A26D-B10D7C33E9E8}.Release|x86.Build.0 = Release|Any CPU
		{31952C20-23DF-4BCE-A7BD-8B77991CF8FB}.Debug|Any CPU.ActiveCfg = Debug|Any CPU
		{31952C20-23DF-4BCE-A7BD-8B77991CF8FB}.Debug|Any CPU.Build.0 = Debug|Any CPU
		{31952C20-23DF-4BCE-A7BD-8B77991CF8FB}.Debug|x64.ActiveCfg = Debug|Any CPU
		{31952C20-23DF-4BCE-A7BD-8B77991CF8FB}.Debug|x64.Build.0 = Debug|Any CPU
		{31952C20-23DF-4BCE-A7BD-8B77991CF8FB}.Debug|x86.ActiveCfg = Debug|Any CPU
		{31952C20-23DF-4BCE-A7BD-8B77991CF8FB}.Debug|x86.Build.0 = Debug|Any CPU
		{31952C20-23DF-4BCE-A7BD-8B77991CF8FB}.Release|Any CPU.ActiveCfg = Release|Any CPU
		{31952C20-23DF-4BCE-A7BD-8B77991CF8FB}.Release|Any CPU.Build.0 = Release|Any CPU
		{31952C20-23DF-4BCE-A7BD-8B77991CF8FB}.Release|x64.ActiveCfg = Release|Any CPU
		{31952C20-23DF-4BCE-A7BD-8B77991CF8FB}.Release|x64.Build.0 = Release|Any CPU
		{31952C20-23DF-4BCE-A7BD-8B77991CF8FB}.Release|x86.ActiveCfg = Release|Any CPU
		{31952C20-23DF-4BCE-A7BD-8B77991CF8FB}.Release|x86.Build.0 = Release|Any CPU
		{2DA79A95-9A1F-4851-8A35-C7E7BD2C30F7}.Debug|Any CPU.ActiveCfg = Debug|Any CPU
		{2DA79A95-9A1F-4851-8A35-C7E7BD2C30F7}.Debug|Any CPU.Build.0 = Debug|Any CPU
		{2DA79A95-9A1F-4851-8A35-C7E7BD2C30F7}.Debug|x64.ActiveCfg = Debug|Any CPU
		{2DA79A95-9A1F-4851-8A35-C7E7BD2C30F7}.Debug|x64.Build.0 = Debug|Any CPU
		{2DA79A95-9A1F-4851-8A35-C7E7BD2C30F7}.Debug|x86.ActiveCfg = Debug|Any CPU
		{2DA79A95-9A1F-4851-8A35-C7E7BD2C30F7}.Debug|x86.Build.0 = Debug|Any CPU
		{2DA79A95-9A1F-4851-8A35-C7E7BD2C30F7}.Release|Any CPU.ActiveCfg = Release|Any CPU
		{2DA79A95-9A1F-4851-8A35-C7E7BD2C30F7}.Release|Any CPU.Build.0 = Release|Any CPU
		{2DA79A95-9A1F-4851-8A35-C7E7BD2C30F7}.Release|x64.ActiveCfg = Release|Any CPU
		{2DA79A95-9A1F-4851-8A35-C7E7BD2C30F7}.Release|x64.Build.0 = Release|Any CPU
		{2DA79A95-9A1F-4851-8A35-C7E7BD2C30F7}.Release|x86.ActiveCfg = Release|Any CPU
		{2DA79A95-9A1F-4851-8A35-C7E7BD2C30F7}.Release|x86.Build.0 = Release|Any CPU
	EndGlobalSection
EndGlobal
